{
  "originHash" : "6293bd910974d6b962e6fa88c025dd84d1d485513623df49a6db8a81780058f3",
  "pins" : [
    {
      "identity" : "device",
      "kind" : "remoteSourceControl",
      "location" : "https://github.com/Ekhoo/Device.git",
      "state" : {
        "revision" : "14a553a755ba9ee54fc17db7a350e18d4cb9d995",
        "version" : "3.7.0"
      }
    }
  ],
  "version" : 3
}
