{
  "originHash" : "4447d785d649bba566c5ac2daec07a09c2d1fc808b46e4c3e7da499b5b9ad843",
  "pins" : [
    {
      "identity" : "progresshud",
      "kind" : "remoteSourceControl",
      "location" : "https://github.com/rzmn/ProgressHUD.git",
      "state" : {
        "branch" : "rzmn/without-privacy-manifest",
        "revision" : "597e61d95c1821e3032a13928bdb4d8b8b6cca25"
      }
    },
    {
      "identity" : "qrcode",
      "kind" : "remoteSourceControl",
      "location" : "https://github.com/dagronf/qrcode.git",
      "state" : {
        "revision" : "6aec3d9c50f4c36798e2bb4c6dfbfd6b00bff96e",
        "version" : "20.1.3"
      }
    },
    {
      "identity" : "swift-qrcode-generator",
      "kind" : "remoteSourceControl",
      "location" : "https://github.com/dagronf/swift-qrcode-generator",
      "state" : {
        "revision" : "2b1980b825f08a81ccc762b0c4d17fcde9d5e953",
        "version" : "2.0.2"
      }
    },
    {
      "identity" : "swiftimagereadwrite",
      "kind" : "remoteSourceControl",
      "location" : "https://github.com/dagronf/SwiftImageReadWrite",
      "state" : {
        "revision" : "016a9cb842038e4078a91e506e35cef4f4ff76ff",
        "version" : "1.7.2"
      }
    }
  ],
  "version" : 3
}
