{
  "originHash" : "e4f5c9aeb800bcc6cbad542ad1fc307fae7fd6892f0f559f61f1605412833da2",
  "pins" : [
    {
      "identity" : "progresshud",
      "kind" : "remoteSourceControl",
      "location" : "https://github.com/rzmn/ProgressHUD.git",
      "state" : {
        "branch" : "rzmn/without-privacy-manifest",
        "revision" : "597e61d95c1821e3032a13928bdb4d8b8b6cca25"
      }
    }
  ],
  "version" : 3
}
