// !$*UTF8*$!
{
	archiveVersion = 1;
	classes = {
	};
	objectVersion = 56;
	objects = {

/* Begin PBXBuildFile section */
		61088A932C5E62FC005FFFC2 /* LaunchFlow in Resources */ = {isa = PBXBuildFile; fileRef = 61088A922C5E62FC005FFFC2 /* LaunchFlow */; };
		61088A952C5E6465005FFFC2 /* Routing in Resources */ = {isa = PBXBuildFile; fileRef = 61088A942C5E6465005FFFC2 /* Routing */; };
		61088A972C5E70DE005FFFC2 /* AppBase in Resources */ = {isa = PBXBuildFile; fileRef = 61088A962C5E70DE005FFFC2 /* AppBase */; };
		61088A992C5EACC6005FFFC2 /* DefaultValidationUseCasesImplementation in Resources */ = {isa = PBXBuildFile; fileRef = 61088A982C5EACC6005FFFC2 /* DefaultValidationUseCasesImplementation */; };
		61088A9B2C5EB6FD005FFFC2 /* DefaultProfileEditingUseCaseImplementation in Resources */ = {isa = PBXBuildFile; fileRef = 61088A9A2C5EB6FD005FFFC2 /* DefaultProfileEditingUseCaseImplementation */; };
		610E9BE22C5F7551003D1A79 /* Api in Frameworks */ = {isa = PBXBuildFile; productRef = 610E9BE12C5F7551003D1A79 /* Api */; };
		610E9BE42C5F7551003D1A79 /* ApiDomainConvenience in Frameworks */ = {isa = PBXBuildFile; productRef = 610E9BE32C5F7551003D1A79 /* ApiDomainConvenience */; };
		610E9BE62C5F7551003D1A79 /* ApiService in Frameworks */ = {isa = PBXBuildFile; productRef = 610E9BE52C5F7551003D1A79 /* ApiService */; };
		610E9BE82C5F7551003D1A79 /* App in Frameworks */ = {isa = PBXBuildFile; productRef = 610E9BE72C5F7551003D1A79 /* App */; };
		610E9BEA2C5F7551003D1A79 /* AppBase in Frameworks */ = {isa = PBXBuildFile; productRef = 610E9BE92C5F7551003D1A79 /* AppBase */; };
		610E9BEC2C5F7551003D1A79 /* AuthSession in Frameworks */ = {isa = PBXBuildFile; productRef = 610E9BEB2C5F7551003D1A79 /* AuthSession */; };
		610E9BEE2C5F7551003D1A79 /* Base in Frameworks */ = {isa = PBXBuildFile; productRef = 610E9BED2C5F7551003D1A79 /* Base */; };
		610E9BF02C5F7551003D1A79 /* DataTransferObjects in Frameworks */ = {isa = PBXBuildFile; productRef = 610E9BEF2C5F7551003D1A79 /* DataTransferObjects */; };
		610E9BF22C5F7551003D1A79 /* DefaultApiImplementation in Frameworks */ = {isa = PBXBuildFile; productRef = 610E9BF12C5F7551003D1A79 /* DefaultApiImplementation */; };
		610E9BF42C5F7551003D1A79 /* DefaultApiServiceImplementation in Frameworks */ = {isa = PBXBuildFile; productRef = 610E9BF32C5F7551003D1A79 /* DefaultApiServiceImplementation */; };
		610E9BF62C5F7551003D1A79 /* DefaultAuthUseCaseImplementation in Frameworks */ = {isa = PBXBuildFile; productRef = 610E9BF52C5F7551003D1A79 /* DefaultAuthUseCaseImplementation */; };
		610E9BF82C5F7551003D1A79 /* DefaultDependencies in Frameworks */ = {isa = PBXBuildFile; productRef = 610E9BF72C5F7551003D1A79 /* DefaultDependencies */; };
		610E9BFA2C5F7551003D1A79 /* DefaultFriendInteractionsUseCaseImplementation in Frameworks */ = {isa = PBXBuildFile; productRef = 610E9BF92C5F7551003D1A79 /* DefaultFriendInteractionsUseCaseImplementation */; };
		610E9BFC2C5F7551003D1A79 /* DefaultFriendsRepositoryImplementation in Frameworks */ = {isa = PBXBuildFile; productRef = 610E9BFB2C5F7551003D1A79 /* DefaultFriendsRepositoryImplementation */; };
		610E9BFE2C5F7551003D1A79 /* DefaultNetworkingImplementation in Frameworks */ = {isa = PBXBuildFile; productRef = 610E9BFD2C5F7551003D1A79 /* DefaultNetworkingImplementation */; };
		610E9C002C5F7551003D1A79 /* DefaultProfileEditingUseCaseImplementation in Frameworks */ = {isa = PBXBuildFile; productRef = 610E9BFF2C5F7551003D1A79 /* DefaultProfileEditingUseCaseImplementation */; };
		610E9C022C5F7551003D1A79 /* DefaultQRInviteUseCaseImplementation in Frameworks */ = {isa = PBXBuildFile; productRef = 610E9C012C5F7551003D1A79 /* DefaultQRInviteUseCaseImplementation */; };
		610E9C042C5F7551003D1A79 /* DefaultSpendingInteractionsUseCaseImplementation in Frameworks */ = {isa = PBXBuildFile; productRef = 610E9C032C5F7551003D1A79 /* DefaultSpendingInteractionsUseCaseImplementation */; };
		610E9C062C5F7551003D1A79 /* DefaultSpendingsRepositoryImplementation in Frameworks */ = {isa = PBXBuildFile; productRef = 610E9C052C5F7551003D1A79 /* DefaultSpendingsRepositoryImplementation */; };
		610E9C082C5F7551003D1A79 /* DefaultUsersRepositoryImplementation in Frameworks */ = {isa = PBXBuildFile; productRef = 610E9C072C5F7551003D1A79 /* DefaultUsersRepositoryImplementation */; };
		610E9C0A2C5F7551003D1A79 /* DefaultValidationUseCasesImplementation in Frameworks */ = {isa = PBXBuildFile; productRef = 610E9C092C5F7551003D1A79 /* DefaultValidationUseCasesImplementation */; };
		610E9C0C2C5F7551003D1A79 /* DesignSystem in Frameworks */ = {isa = PBXBuildFile; productRef = 610E9C0B2C5F7551003D1A79 /* DesignSystem */; };
		610E9C0E2C5F7551003D1A79 /* DI in Frameworks */ = {isa = PBXBuildFile; productRef = 610E9C0D2C5F7551003D1A79 /* DI */; };
		610E9C102C5F7551003D1A79 /* Domain in Frameworks */ = {isa = PBXBuildFile; productRef = 610E9C0F2C5F7551003D1A79 /* Domain */; };
		610E9C122C5F7551003D1A79 /* LaunchFlow in Frameworks */ = {isa = PBXBuildFile; productRef = 610E9C112C5F7551003D1A79 /* LaunchFlow */; };
		610E9C142C5F7551003D1A79 /* Logging in Frameworks */ = {isa = PBXBuildFile; productRef = 610E9C132C5F7551003D1A79 /* Logging */; };
		610E9C162C5F7551003D1A79 /* Networking in Frameworks */ = {isa = PBXBuildFile; productRef = 610E9C152C5F7551003D1A79 /* Networking */; };
		610E9C182C5F7551003D1A79 /* PersistentStorage in Frameworks */ = {isa = PBXBuildFile; productRef = 610E9C172C5F7551003D1A79 /* PersistentStorage */; };
		610E9C1A2C5F7551003D1A79 /* PersistentStorageSQLite in Frameworks */ = {isa = PBXBuildFile; productRef = 610E9C192C5F7551003D1A79 /* PersistentStorageSQLite */; };
		610E9C1C2C5F7551003D1A79 /* Routing in Frameworks */ = {isa = PBXBuildFile; productRef = 610E9C1B2C5F7551003D1A79 /* Routing */; };
		611CCD692C50AE3A00289D9E /* DefaultDependencies in Resources */ = {isa = PBXBuildFile; fileRef = 611CCD4A2C50AE3A00289D9E /* DefaultDependencies */; };
		611CCD6A2C50AE3A00289D9E /* DI in Resources */ = {isa = PBXBuildFile; fileRef = 611CCD4B2C50AE3A00289D9E /* DI */; };
		611CCD6D2C50AE3A00289D9E /* DataTransferObjects in Resources */ = {isa = PBXBuildFile; fileRef = 611CCD502C50AE3A00289D9E /* DataTransferObjects */; };
		611CCD6F2C50AE3A00289D9E /* PersistentStorage in Resources */ = {isa = PBXBuildFile; fileRef = 611CCD522C50AE3A00289D9E /* PersistentStorage */; };
		611CCD702C50AE3A00289D9E /* App in Resources */ = {isa = PBXBuildFile; fileRef = 611CCD542C50AE3A00289D9E /* App */; };
		611CCD712C50AE3A00289D9E /* DesignSystem in Resources */ = {isa = PBXBuildFile; fileRef = 611CCD552C50AE3A00289D9E /* DesignSystem */; };
		611CCD722C50AE3A00289D9E /* ApiService in Resources */ = {isa = PBXBuildFile; fileRef = 611CCD572C50AE3A00289D9E /* ApiService */; };
		611CCD732C50AE3A00289D9E /* Base in Resources */ = {isa = PBXBuildFile; fileRef = 611CCD582C50AE3A00289D9E /* Base */; };
		611CCD742C50AE3A00289D9E /* DefaultApiServiceImplementation in Resources */ = {isa = PBXBuildFile; fileRef = 611CCD592C50AE3A00289D9E /* DefaultApiServiceImplementation */; };
		611CCD752C50AE3A00289D9E /* DefaultNetworkingImplementation in Resources */ = {isa = PBXBuildFile; fileRef = 611CCD5A2C50AE3A00289D9E /* DefaultNetworkingImplementation */; };
		611CCD762C50AE3A00289D9E /* Logging in Resources */ = {isa = PBXBuildFile; fileRef = 611CCD5B2C50AE3A00289D9E /* Logging */; };
		611CCD772C50AE3A00289D9E /* Networking in Resources */ = {isa = PBXBuildFile; fileRef = 611CCD5C2C50AE3A00289D9E /* Networking */; };
		611CCD782C50AE3A00289D9E /* ApiDomainConvenience in Resources */ = {isa = PBXBuildFile; fileRef = 611CCD5E2C50AE3A00289D9E /* ApiDomainConvenience */; };
		611CCD792C50AE3A00289D9E /* DefaultAuthUseCaseImplementation in Resources */ = {isa = PBXBuildFile; fileRef = 611CCD5F2C50AE3A00289D9E /* DefaultAuthUseCaseImplementation */; };
		611CCD7A2C50AE3A00289D9E /* DefaultFriendInteractionsUseCaseImplementation in Resources */ = {isa = PBXBuildFile; fileRef = 611CCD602C50AE3A00289D9E /* DefaultFriendInteractionsUseCaseImplementation */; };
		611CCD7B2C50AE3A00289D9E /* DefaultFriendsRepositoryImplementation in Resources */ = {isa = PBXBuildFile; fileRef = 611CCD612C50AE3A00289D9E /* DefaultFriendsRepositoryImplementation */; };
		611CCD7C2C50AE3A00289D9E /* DefaultQRInviteUseCaseImplementation in Resources */ = {isa = PBXBuildFile; fileRef = 611CCD622C50AE3A00289D9E /* DefaultQRInviteUseCaseImplementation */; };
		611CCD7D2C50AE3A00289D9E /* DefaultSpendingInteractionsUseCaseImplementation in Resources */ = {isa = PBXBuildFile; fileRef = 611CCD632C50AE3A00289D9E /* DefaultSpendingInteractionsUseCaseImplementation */; };
		611CCD7E2C50AE3A00289D9E /* DefaultSpendingsRepositoryImplementation in Resources */ = {isa = PBXBuildFile; fileRef = 611CCD642C50AE3A00289D9E /* DefaultSpendingsRepositoryImplementation */; };
		611CCD7F2C50AE3A00289D9E /* DefaultUsersRepositoryImplementation in Resources */ = {isa = PBXBuildFile; fileRef = 611CCD652C50AE3A00289D9E /* DefaultUsersRepositoryImplementation */; };
		611CCD802C50AE3A00289D9E /* Domain in Resources */ = {isa = PBXBuildFile; fileRef = 611CCD672C50AE3A00289D9E /* Domain */; };
		611CCD822C50AEA600289D9E /* AuthSession in Resources */ = {isa = PBXBuildFile; fileRef = 611CCD812C50AEA600289D9E /* AuthSession */; };
		611CCD862C50B1D400289D9E /* PersistentStorageSQLite in Resources */ = {isa = PBXBuildFile; fileRef = 611CCD852C50B1D400289D9E /* PersistentStorageSQLite */; };
		61414F822C2F02A100B2C027 /* AppDelegate.swift in Sources */ = {isa = PBXBuildFile; fileRef = 61414F812C2F02A100B2C027 /* AppDelegate.swift */; };
		61414F842C2F02A100B2C027 /* SceneDelegate.swift in Sources */ = {isa = PBXBuildFile; fileRef = 61414F832C2F02A100B2C027 /* SceneDelegate.swift */; };
		61414F8B2C2F02A200B2C027 /* Assets.xcassets in Resources */ = {isa = PBXBuildFile; fileRef = 61414F8A2C2F02A200B2C027 /* Assets.xcassets */; };
		61414F8E2C2F02A200B2C027 /* Base in Resources */ = {isa = PBXBuildFile; fileRef = 61414F8D2C2F02A200B2C027 /* Base */; };
		61BBB1252C50D3CE00E3D4F3 /* DefaultApiImplementation in Resources */ = {isa = PBXBuildFile; fileRef = 61BBB1232C50D3CE00E3D4F3 /* DefaultApiImplementation */; };
		61BBB1262C50D3CE00E3D4F3 /* Api in Resources */ = {isa = PBXBuildFile; fileRef = 61BBB1242C50D3CE00E3D4F3 /* Api */; };
		61FD347C2C40242F002C1A5A /* Localizable.xcstrings in Resources */ = {isa = PBXBuildFile; fileRef = 61FD347B2C40242F002C1A5A /* Localizable.xcstrings */; };
/* End PBXBuildFile section */

/* Begin PBXFileReference section */
		61088A922C5E62FC005FFFC2 /* LaunchFlow */ = {isa = PBXFileReference; lastKnownFileType = wrapper; path = LaunchFlow; sourceTree = "<group>"; };
		61088A942C5E6465005FFFC2 /* Routing */ = {isa = PBXFileReference; lastKnownFileType = wrapper; path = Routing; sourceTree = "<group>"; };
		61088A962C5E70DE005FFFC2 /* AppBase */ = {isa = PBXFileReference; lastKnownFileType = wrapper; path = AppBase; sourceTree = "<group>"; };
		61088A982C5EACC6005FFFC2 /* DefaultValidationUseCasesImplementation */ = {isa = PBXFileReference; lastKnownFileType = wrapper; path = DefaultValidationUseCasesImplementation; sourceTree = "<group>"; };
		61088A9A2C5EB6FD005FFFC2 /* DefaultProfileEditingUseCaseImplementation */ = {isa = PBXFileReference; lastKnownFileType = wrapper; path = DefaultProfileEditingUseCaseImplementation; sourceTree = "<group>"; };
		611CCD4A2C50AE3A00289D9E /* DefaultDependencies */ = {isa = PBXFileReference; lastKnownFileType = wrapper; path = DefaultDependencies; sourceTree = "<group>"; };
		611CCD4B2C50AE3A00289D9E /* DI */ = {isa = PBXFileReference; lastKnownFileType = wrapper; path = DI; sourceTree = "<group>"; };
		611CCD502C50AE3A00289D9E /* DataTransferObjects */ = {isa = PBXFileReference; lastKnownFileType = wrapper; path = DataTransferObjects; sourceTree = "<group>"; };
		611CCD522C50AE3A00289D9E /* PersistentStorage */ = {isa = PBXFileReference; lastKnownFileType = wrapper; path = PersistentStorage; sourceTree = "<group>"; };
		611CCD542C50AE3A00289D9E /* App */ = {isa = PBXFileReference; lastKnownFileType = wrapper; path = App; sourceTree = "<group>"; };
		611CCD552C50AE3A00289D9E /* DesignSystem */ = {isa = PBXFileReference; lastKnownFileType = wrapper; path = DesignSystem; sourceTree = "<group>"; };
		611CCD572C50AE3A00289D9E /* ApiService */ = {isa = PBXFileReference; lastKnownFileType = wrapper; path = ApiService; sourceTree = "<group>"; };
		611CCD582C50AE3A00289D9E /* Base */ = {isa = PBXFileReference; lastKnownFileType = wrapper; path = Base; sourceTree = "<group>"; };
		611CCD592C50AE3A00289D9E /* DefaultApiServiceImplementation */ = {isa = PBXFileReference; lastKnownFileType = wrapper; path = DefaultApiServiceImplementation; sourceTree = "<group>"; };
		611CCD5A2C50AE3A00289D9E /* DefaultNetworkingImplementation */ = {isa = PBXFileReference; lastKnownFileType = wrapper; path = DefaultNetworkingImplementation; sourceTree = "<group>"; };
		611CCD5B2C50AE3A00289D9E /* Logging */ = {isa = PBXFileReference; lastKnownFileType = wrapper; path = Logging; sourceTree = "<group>"; };
		611CCD5C2C50AE3A00289D9E /* Networking */ = {isa = PBXFileReference; lastKnownFileType = wrapper; path = Networking; sourceTree = "<group>"; };
		611CCD5E2C50AE3A00289D9E /* ApiDomainConvenience */ = {isa = PBXFileReference; lastKnownFileType = wrapper; path = ApiDomainConvenience; sourceTree = "<group>"; };
		611CCD5F2C50AE3A00289D9E /* DefaultAuthUseCaseImplementation */ = {isa = PBXFileReference; lastKnownFileType = wrapper; path = DefaultAuthUseCaseImplementation; sourceTree = "<group>"; };
		611CCD602C50AE3A00289D9E /* DefaultFriendInteractionsUseCaseImplementation */ = {isa = PBXFileReference; lastKnownFileType = wrapper; path = DefaultFriendInteractionsUseCaseImplementation; sourceTree = "<group>"; };
		611CCD612C50AE3A00289D9E /* DefaultFriendsRepositoryImplementation */ = {isa = PBXFileReference; lastKnownFileType = wrapper; path = DefaultFriendsRepositoryImplementation; sourceTree = "<group>"; };
		611CCD622C50AE3A00289D9E /* DefaultQRInviteUseCaseImplementation */ = {isa = PBXFileReference; lastKnownFileType = wrapper; path = DefaultQRInviteUseCaseImplementation; sourceTree = "<group>"; };
		611CCD632C50AE3A00289D9E /* DefaultSpendingInteractionsUseCaseImplementation */ = {isa = PBXFileReference; lastKnownFileType = wrapper; path = DefaultSpendingInteractionsUseCaseImplementation; sourceTree = "<group>"; };
		611CCD642C50AE3A00289D9E /* DefaultSpendingsRepositoryImplementation */ = {isa = PBXFileReference; lastKnownFileType = wrapper; path = DefaultSpendingsRepositoryImplementation; sourceTree = "<group>"; };
		611CCD652C50AE3A00289D9E /* DefaultUsersRepositoryImplementation */ = {isa = PBXFileReference; lastKnownFileType = wrapper; path = DefaultUsersRepositoryImplementation; sourceTree = "<group>"; };
		611CCD672C50AE3A00289D9E /* Domain */ = {isa = PBXFileReference; lastKnownFileType = wrapper; path = Domain; sourceTree = "<group>"; };
		611CCD812C50AEA600289D9E /* AuthSession */ = {isa = PBXFileReference; lastKnownFileType = wrapper; path = AuthSession; sourceTree = "<group>"; };
		611CCD852C50B1D400289D9E /* PersistentStorageSQLite */ = {isa = PBXFileReference; lastKnownFileType = wrapper; path = PersistentStorageSQLite; sourceTree = "<group>"; };
		61414F7E2C2F02A100B2C027 /* Accounty.app */ = {isa = PBXFileReference; explicitFileType = wrapper.application; includeInIndex = 0; path = Accounty.app; sourceTree = BUILT_PRODUCTS_DIR; };
		61414F812C2F02A100B2C027 /* AppDelegate.swift */ = {isa = PBXFileReference; lastKnownFileType = sourcecode.swift; path = AppDelegate.swift; sourceTree = "<group>"; };
		61414F832C2F02A100B2C027 /* SceneDelegate.swift */ = {isa = PBXFileReference; lastKnownFileType = sourcecode.swift; path = SceneDelegate.swift; sourceTree = "<group>"; };
		61414F8A2C2F02A200B2C027 /* Assets.xcassets */ = {isa = PBXFileReference; lastKnownFileType = folder.assetcatalog; path = Assets.xcassets; sourceTree = "<group>"; };
		61414F8D2C2F02A200B2C027 /* Base */ = {isa = PBXFileReference; lastKnownFileType = file.storyboard; name = Base; path = Base.lproj/LaunchScreen.storyboard; sourceTree = "<group>"; };
		61414F8F2C2F02A200B2C027 /* Info.plist */ = {isa = PBXFileReference; lastKnownFileType = text.plist.xml; path = Info.plist; sourceTree = "<group>"; };
		61BBB1232C50D3CE00E3D4F3 /* DefaultApiImplementation */ = {isa = PBXFileReference; lastKnownFileType = wrapper; path = DefaultApiImplementation; sourceTree = "<group>"; };
		61BBB1242C50D3CE00E3D4F3 /* Api */ = {isa = PBXFileReference; lastKnownFileType = wrapper; path = Api; sourceTree = "<group>"; };
		61FD347B2C40242F002C1A5A /* Localizable.xcstrings */ = {isa = PBXFileReference; lastKnownFileType = text.json.xcstrings; path = Localizable.xcstrings; sourceTree = "<group>"; };
		61FD347D2C4069F8002C1A5A /* Accounty.entitlements */ = {isa = PBXFileReference; lastKnownFileType = text.plist.entitlements; path = Accounty.entitlements; sourceTree = "<group>"; };
/* End PBXFileReference section */

/* Begin PBXFrameworksBuildPhase section */
		61414F7B2C2F02A100B2C027 /* Frameworks */ = {
			isa = PBXFrameworksBuildPhase;
			buildActionMask = 2147483647;
			files = (
				610E9C162C5F7551003D1A79 /* Networking in Frameworks */,
				610E9BFC2C5F7551003D1A79 /* DefaultFriendsRepositoryImplementation in Frameworks */,
				610E9C082C5F7551003D1A79 /* DefaultUsersRepositoryImplementation in Frameworks */,
				610E9C042C5F7551003D1A79 /* DefaultSpendingInteractionsUseCaseImplementation in Frameworks */,
				610E9BE82C5F7551003D1A79 /* App in Frameworks */,
				610E9BFE2C5F7551003D1A79 /* DefaultNetworkingImplementation in Frameworks */,
				610E9C002C5F7551003D1A79 /* DefaultProfileEditingUseCaseImplementation in Frameworks */,
				610E9C182C5F7551003D1A79 /* PersistentStorage in Frameworks */,
				610E9C102C5F7551003D1A79 /* Domain in Frameworks */,
				610E9BF22C5F7551003D1A79 /* DefaultApiImplementation in Frameworks */,
				610E9BE22C5F7551003D1A79 /* Api in Frameworks */,
				610E9C122C5F7551003D1A79 /* LaunchFlow in Frameworks */,
				610E9BF82C5F7551003D1A79 /* DefaultDependencies in Frameworks */,
				610E9BEE2C5F7551003D1A79 /* Base in Frameworks */,
				610E9C1A2C5F7551003D1A79 /* PersistentStorageSQLite in Frameworks */,
				610E9C062C5F7551003D1A79 /* DefaultSpendingsRepositoryImplementation in Frameworks */,
				610E9C022C5F7551003D1A79 /* DefaultQRInviteUseCaseImplementation in Frameworks */,
				610E9BEA2C5F7551003D1A79 /* AppBase in Frameworks */,
				610E9BF02C5F7551003D1A79 /* DataTransferObjects in Frameworks */,
				610E9BFA2C5F7551003D1A79 /* DefaultFriendInteractionsUseCaseImplementation in Frameworks */,
				610E9BF62C5F7551003D1A79 /* DefaultAuthUseCaseImplementation in Frameworks */,
				610E9BEC2C5F7551003D1A79 /* AuthSession in Frameworks */,
				610E9BF42C5F7551003D1A79 /* DefaultApiServiceImplementation in Frameworks */,
				610E9BE62C5F7551003D1A79 /* ApiService in Frameworks */,
				610E9BE42C5F7551003D1A79 /* ApiDomainConvenience in Frameworks */,
				610E9C142C5F7551003D1A79 /* Logging in Frameworks */,
				610E9C0A2C5F7551003D1A79 /* DefaultValidationUseCasesImplementation in Frameworks */,
				610E9C1C2C5F7551003D1A79 /* Routing in Frameworks */,
				610E9C0C2C5F7551003D1A79 /* DesignSystem in Frameworks */,
				610E9C0E2C5F7551003D1A79 /* DI in Frameworks */,
			);
			runOnlyForDeploymentPostprocessing = 0;
		};
/* End PBXFrameworksBuildPhase section */

/* Begin PBXGroup section */
		61088A912C5E61C9005FFFC2 /* Flows */ = {
			isa = PBXGroup;
			children = (
				61088A922C5E62FC005FFFC2 /* LaunchFlow */,
			);
			path = Flows;
			sourceTree = "<group>";
		};
		611CCD4C2C50AE3A00289D9E /* DI */ = {
			isa = PBXGroup;
			children = (
				611CCD4A2C50AE3A00289D9E /* DefaultDependencies */,
				611CCD4B2C50AE3A00289D9E /* DI */,
			);
			path = DI;
			sourceTree = "<group>";
		};
		611CCD532C50AE3A00289D9E /* Data */ = {
			isa = PBXGroup;
			children = (
				61BBB1242C50D3CE00E3D4F3 /* Api */,
				61BBB1232C50D3CE00E3D4F3 /* DefaultApiImplementation */,
				611CCD502C50AE3A00289D9E /* DataTransferObjects */,
				611CCD522C50AE3A00289D9E /* PersistentStorage */,
				611CCD852C50B1D400289D9E /* PersistentStorageSQLite */,
			);
			path = Data;
			sourceTree = "<group>";
		};
		611CCD562C50AE3A00289D9E /* App */ = {
			isa = PBXGroup;
			children = (
				61088A912C5E61C9005FFFC2 /* Flows */,
				61088A962C5E70DE005FFFC2 /* AppBase */,
				61088A942C5E6465005FFFC2 /* Routing */,
				611CCD542C50AE3A00289D9E /* App */,
				611CCD552C50AE3A00289D9E /* DesignSystem */,
			);
			path = App;
			sourceTree = "<group>";
		};
		611CCD5D2C50AE3A00289D9E /* Infrastructure */ = {
			isa = PBXGroup;
			children = (
				611CCD572C50AE3A00289D9E /* ApiService */,
				611CCD812C50AEA600289D9E /* AuthSession */,
				611CCD582C50AE3A00289D9E /* Base */,
				611CCD592C50AE3A00289D9E /* DefaultApiServiceImplementation */,
				611CCD5A2C50AE3A00289D9E /* DefaultNetworkingImplementation */,
				611CCD5B2C50AE3A00289D9E /* Logging */,
				611CCD5C2C50AE3A00289D9E /* Networking */,
			);
			path = Infrastructure;
			sourceTree = "<group>";
		};
		611CCD662C50AE3A00289D9E /* Implementations */ = {
			isa = PBXGroup;
			children = (
				61088A9A2C5EB6FD005FFFC2 /* DefaultProfileEditingUseCaseImplementation */,
				61088A982C5EACC6005FFFC2 /* DefaultValidationUseCasesImplementation */,
				611CCD5E2C50AE3A00289D9E /* ApiDomainConvenience */,
				611CCD5F2C50AE3A00289D9E /* DefaultAuthUseCaseImplementation */,
				611CCD602C50AE3A00289D9E /* DefaultFriendInteractionsUseCaseImplementation */,
				611CCD612C50AE3A00289D9E /* DefaultFriendsRepositoryImplementation */,
				611CCD622C50AE3A00289D9E /* DefaultQRInviteUseCaseImplementation */,
				611CCD632C50AE3A00289D9E /* DefaultSpendingInteractionsUseCaseImplementation */,
				611CCD642C50AE3A00289D9E /* DefaultSpendingsRepositoryImplementation */,
				611CCD652C50AE3A00289D9E /* DefaultUsersRepositoryImplementation */,
			);
			path = Implementations;
			sourceTree = "<group>";
		};
		611CCD682C50AE3A00289D9E /* Domain */ = {
			isa = PBXGroup;
			children = (
				611CCD662C50AE3A00289D9E /* Implementations */,
				611CCD672C50AE3A00289D9E /* Domain */,
			);
			path = Domain;
			sourceTree = "<group>";
		};
		61414F752C2F02A100B2C027 = {
			isa = PBXGroup;
			children = (
				61B74FDF2C305ECA001182A2 /* Packages */,
				61414F802C2F02A100B2C027 /* Accounty */,
				61414F7F2C2F02A100B2C027 /* Products */,
				61B74FF22C3080D6001182A2 /* Frameworks */,
			);
			sourceTree = "<group>";
		};
		61414F7F2C2F02A100B2C027 /* Products */ = {
			isa = PBXGroup;
			children = (
				61414F7E2C2F02A100B2C027 /* Accounty.app */,
			);
			name = Products;
			sourceTree = "<group>";
		};
		61414F802C2F02A100B2C027 /* Accounty */ = {
			isa = PBXGroup;
			children = (
				61FD347A2C402416002C1A5A /* Resources */,
				61414F812C2F02A100B2C027 /* AppDelegate.swift */,
				61414F832C2F02A100B2C027 /* SceneDelegate.swift */,
			);
			path = Accounty;
			sourceTree = "<group>";
		};
		61B74FDF2C305ECA001182A2 /* Packages */ = {
			isa = PBXGroup;
			children = (
				611CCD562C50AE3A00289D9E /* App */,
				611CCD532C50AE3A00289D9E /* Data */,
				611CCD4C2C50AE3A00289D9E /* DI */,
				611CCD682C50AE3A00289D9E /* Domain */,
				611CCD5D2C50AE3A00289D9E /* Infrastructure */,
			);
			path = Packages;
			sourceTree = "<group>";
		};
		61B74FF22C3080D6001182A2 /* Frameworks */ = {
			isa = PBXGroup;
			children = (
			);
			name = Frameworks;
			sourceTree = "<group>";
		};
		61FD347A2C402416002C1A5A /* Resources */ = {
			isa = PBXGroup;
			children = (
				61414F8F2C2F02A200B2C027 /* Info.plist */,
				61414F8C2C2F02A200B2C027 /* LaunchScreen.storyboard */,
				61414F8A2C2F02A200B2C027 /* Assets.xcassets */,
				61FD347D2C4069F8002C1A5A /* Accounty.entitlements */,
				61FD347B2C40242F002C1A5A /* Localizable.xcstrings */,
			);
			path = Resources;
			sourceTree = "<group>";
		};
/* End PBXGroup section */

/* Begin PBXNativeTarget section */
		61414F7D2C2F02A100B2C027 /* Accounty */ = {
			isa = PBXNativeTarget;
			buildConfigurationList = 61414F922C2F02A200B2C027 /* Build configuration list for PBXNativeTarget "Accounty" */;
			buildPhases = (
				61414F7A2C2F02A100B2C027 /* Sources */,
				61414F7B2C2F02A100B2C027 /* Frameworks */,
				61414F7C2C2F02A100B2C027 /* Resources */,
			);
			buildRules = (
			);
			dependencies = (
			);
			name = Accounty;
			packageProductDependencies = (
				610E9BE12C5F7551003D1A79 /* Api */,
				610E9BE32C5F7551003D1A79 /* ApiDomainConvenience */,
				610E9BE52C5F7551003D1A79 /* ApiService */,
				610E9BE72C5F7551003D1A79 /* App */,
				610E9BE92C5F7551003D1A79 /* AppBase */,
				610E9BEB2C5F7551003D1A79 /* AuthSession */,
				610E9BED2C5F7551003D1A79 /* Base */,
				610E9BEF2C5F7551003D1A79 /* DataTransferObjects */,
				610E9BF12C5F7551003D1A79 /* DefaultApiImplementation */,
				610E9BF32C5F7551003D1A79 /* DefaultApiServiceImplementation */,
				610E9BF52C5F7551003D1A79 /* DefaultAuthUseCaseImplementation */,
				610E9BF72C5F7551003D1A79 /* DefaultDependencies */,
				610E9BF92C5F7551003D1A79 /* DefaultFriendInteractionsUseCaseImplementation */,
				610E9BFB2C5F7551003D1A79 /* DefaultFriendsRepositoryImplementation */,
				610E9BFD2C5F7551003D1A79 /* DefaultNetworkingImplementation */,
				610E9BFF2C5F7551003D1A79 /* DefaultProfileEditingUseCaseImplementation */,
				610E9C012C5F7551003D1A79 /* DefaultQRInviteUseCaseImplementation */,
				610E9C032C5F7551003D1A79 /* DefaultSpendingInteractionsUseCaseImplementation */,
				610E9C052C5F7551003D1A79 /* DefaultSpendingsRepositoryImplementation */,
				610E9C072C5F7551003D1A79 /* DefaultUsersRepositoryImplementation */,
				610E9C092C5F7551003D1A79 /* DefaultValidationUseCasesImplementation */,
				610E9C0B2C5F7551003D1A79 /* DesignSystem */,
				610E9C0D2C5F7551003D1A79 /* DI */,
				610E9C0F2C5F7551003D1A79 /* Domain */,
				610E9C112C5F7551003D1A79 /* LaunchFlow */,
				610E9C132C5F7551003D1A79 /* Logging */,
				610E9C152C5F7551003D1A79 /* Networking */,
				610E9C172C5F7551003D1A79 /* PersistentStorage */,
				610E9C192C5F7551003D1A79 /* PersistentStorageSQLite */,
				610E9C1B2C5F7551003D1A79 /* Routing */,
			);
			productName = SharedExpenses;
			productReference = 61414F7E2C2F02A100B2C027 /* Accounty.app */;
			productType = "com.apple.product-type.application";
		};
/* End PBXNativeTarget section */

/* Begin PBXProject section */
		61414F762C2F02A100B2C027 /* Project object */ = {
			isa = PBXProject;
			attributes = {
				BuildIndependentTargetsInParallel = 1;
				LastSwiftUpdateCheck = 1540;
				LastUpgradeCheck = 1540;
				TargetAttributes = {
					61414F7D2C2F02A100B2C027 = {
						CreatedOnToolsVersion = 15.4;
					};
				};
			};
			buildConfigurationList = 61414F792C2F02A100B2C027 /* Build configuration list for PBXProject "Accounty" */;
			compatibilityVersion = "Xcode 14.0";
			developmentRegion = en;
			hasScannedForEncodings = 0;
			knownRegions = (
				en,
				Base,
			);
			mainGroup = 61414F752C2F02A100B2C027;
			packageReferences = (
			);
			productRefGroup = 61414F7F2C2F02A100B2C027 /* Products */;
			projectDirPath = "";
			projectRoot = "";
			targets = (
				61414F7D2C2F02A100B2C027 /* Accounty */,
			);
		};
/* End PBXProject section */

/* Begin PBXResourcesBuildPhase section */
		61414F7C2C2F02A100B2C027 /* Resources */ = {
			isa = PBXResourcesBuildPhase;
			buildActionMask = 2147483647;
			files = (
				61088A9B2C5EB6FD005FFFC2 /* DefaultProfileEditingUseCaseImplementation in Resources */,
				611CCD7C2C50AE3A00289D9E /* DefaultQRInviteUseCaseImplementation in Resources */,
				611CCD7F2C50AE3A00289D9E /* DefaultUsersRepositoryImplementation in Resources */,
				611CCD7B2C50AE3A00289D9E /* DefaultFriendsRepositoryImplementation in Resources */,
				611CCD772C50AE3A00289D9E /* Networking in Resources */,
				611CCD6A2C50AE3A00289D9E /* DI in Resources */,
				611CCD862C50B1D400289D9E /* PersistentStorageSQLite in Resources */,
				611CCD782C50AE3A00289D9E /* ApiDomainConvenience in Resources */,
				611CCD7A2C50AE3A00289D9E /* DefaultFriendInteractionsUseCaseImplementation in Resources */,
				61414F8B2C2F02A200B2C027 /* Assets.xcassets in Resources */,
				611CCD7D2C50AE3A00289D9E /* DefaultSpendingInteractionsUseCaseImplementation in Resources */,
				611CCD792C50AE3A00289D9E /* DefaultAuthUseCaseImplementation in Resources */,
				611CCD752C50AE3A00289D9E /* DefaultNetworkingImplementation in Resources */,
				611CCD722C50AE3A00289D9E /* ApiService in Resources */,
				611CCD822C50AEA600289D9E /* AuthSession in Resources */,
				611CCD702C50AE3A00289D9E /* App in Resources */,
				611CCD7E2C50AE3A00289D9E /* DefaultSpendingsRepositoryImplementation in Resources */,
				611CCD712C50AE3A00289D9E /* DesignSystem in Resources */,
				61BBB1262C50D3CE00E3D4F3 /* Api in Resources */,
				61088A932C5E62FC005FFFC2 /* LaunchFlow in Resources */,
				61088A972C5E70DE005FFFC2 /* AppBase in Resources */,
				61414F8E2C2F02A200B2C027 /* Base in Resources */,
				611CCD6D2C50AE3A00289D9E /* DataTransferObjects in Resources */,
				61BBB1252C50D3CE00E3D4F3 /* DefaultApiImplementation in Resources */,
				611CCD732C50AE3A00289D9E /* Base in Resources */,
				61FD347C2C40242F002C1A5A /* Localizable.xcstrings in Resources */,
				61088A992C5EACC6005FFFC2 /* DefaultValidationUseCasesImplementation in Resources */,
				611CCD742C50AE3A00289D9E /* DefaultApiServiceImplementation in Resources */,
				611CCD692C50AE3A00289D9E /* DefaultDependencies in Resources */,
				611CCD802C50AE3A00289D9E /* Domain in Resources */,
				61088A952C5E6465005FFFC2 /* Routing in Resources */,
				611CCD762C50AE3A00289D9E /* Logging in Resources */,
				611CCD6F2C50AE3A00289D9E /* PersistentStorage in Resources */,
			);
			runOnlyForDeploymentPostprocessing = 0;
		};
/* End PBXResourcesBuildPhase section */

/* Begin PBXSourcesBuildPhase section */
		61414F7A2C2F02A100B2C027 /* Sources */ = {
			isa = PBXSourcesBuildPhase;
			buildActionMask = 2147483647;
			files = (
				61414F822C2F02A100B2C027 /* AppDelegate.swift in Sources */,
				61414F842C2F02A100B2C027 /* SceneDelegate.swift in Sources */,
			);
			runOnlyForDeploymentPostprocessing = 0;
		};
/* End PBXSourcesBuildPhase section */

/* Begin PBXVariantGroup section */
		61414F8C2C2F02A200B2C027 /* LaunchScreen.storyboard */ = {
			isa = PBXVariantGroup;
			children = (
				61414F8D2C2F02A200B2C027 /* Base */,
			);
			name = LaunchScreen.storyboard;
			sourceTree = "<group>";
		};
/* End PBXVariantGroup section */

/* Begin XCBuildConfiguration section */
		61414F902C2F02A200B2C027 /* Debug */ = {
			isa = XCBuildConfiguration;
			buildSettings = {
				ALWAYS_SEARCH_USER_PATHS = NO;
				ASSETCATALOG_COMPILER_GENERATE_SWIFT_ASSET_SYMBOL_EXTENSIONS = YES;
				CLANG_ANALYZER_NONNULL = YES;
				CLANG_ANALYZER_NUMBER_OBJECT_CONVERSION = YES_AGGRESSIVE;
				CLANG_CXX_LANGUAGE_STANDARD = "gnu++20";
				CLANG_ENABLE_MODULES = YES;
				CLANG_ENABLE_OBJC_ARC = YES;
				CLANG_ENABLE_OBJC_WEAK = YES;
				CLANG_WARN_BLOCK_CAPTURE_AUTORELEASING = YES;
				CLANG_WARN_BOOL_CONVERSION = YES;
				CLANG_WARN_COMMA = YES;
				CLANG_WARN_CONSTANT_CONVERSION = YES;
				CLANG_WARN_DEPRECATED_OBJC_IMPLEMENTATIONS = YES;
				CLANG_WARN_DIRECT_OBJC_ISA_USAGE = YES_ERROR;
				CLANG_WARN_DOCUMENTATION_COMMENTS = YES;
				CLANG_WARN_EMPTY_BODY = YES;
				CLANG_WARN_ENUM_CONVERSION = YES;
				CLANG_WARN_INFINITE_RECURSION = YES;
				CLANG_WARN_INT_CONVERSION = YES;
				CLANG_WARN_NON_LITERAL_NULL_CONVERSION = YES;
				CLANG_WARN_OBJC_IMPLICIT_RETAIN_SELF = YES;
				CLANG_WARN_OBJC_LITERAL_CONVERSION = YES;
				CLANG_WARN_OBJC_ROOT_CLASS = YES_ERROR;
				CLANG_WARN_QUOTED_INCLUDE_IN_FRAMEWORK_HEADER = YES;
				CLANG_WARN_RANGE_LOOP_ANALYSIS = YES;
				CLANG_WARN_STRICT_PROTOTYPES = YES;
				CLANG_WARN_SUSPICIOUS_MOVE = YES;
				CLANG_WARN_UNGUARDED_AVAILABILITY = YES_AGGRESSIVE;
				CLANG_WARN_UNREACHABLE_CODE = YES;
				CLANG_WARN__DUPLICATE_METHOD_MATCH = YES;
				COPY_PHASE_STRIP = NO;
				DEBUG_INFORMATION_FORMAT = dwarf;
				ENABLE_STRICT_OBJC_MSGSEND = YES;
				ENABLE_TESTABILITY = YES;
				ENABLE_USER_SCRIPT_SANDBOXING = YES;
				GCC_C_LANGUAGE_STANDARD = gnu17;
				GCC_DYNAMIC_NO_PIC = NO;
				GCC_NO_COMMON_BLOCKS = YES;
				GCC_OPTIMIZATION_LEVEL = 0;
				GCC_PREPROCESSOR_DEFINITIONS = (
					"DEBUG=1",
					"$(inherited)",
				);
				GCC_WARN_64_TO_32_BIT_CONVERSION = YES;
				GCC_WARN_ABOUT_RETURN_TYPE = YES_ERROR;
				GCC_WARN_UNDECLARED_SELECTOR = YES;
				GCC_WARN_UNINITIALIZED_AUTOS = YES_AGGRESSIVE;
				GCC_WARN_UNUSED_FUNCTION = YES;
				GCC_WARN_UNUSED_VARIABLE = YES;
				IPHONEOS_DEPLOYMENT_TARGET = 16.0;
				LOCALIZATION_PREFERS_STRING_CATALOGS = YES;
				MTL_ENABLE_DEBUG_INFO = INCLUDE_SOURCE;
				MTL_FAST_MATH = YES;
				ONLY_ACTIVE_ARCH = YES;
				SDKROOT = iphoneos;
				SWIFT_ACTIVE_COMPILATION_CONDITIONS = "DEBUG $(inherited)";
				SWIFT_OPTIMIZATION_LEVEL = "-Onone";
			};
			name = Debug;
		};
		61414F912C2F02A200B2C027 /* Release */ = {
			isa = XCBuildConfiguration;
			buildSettings = {
				ALWAYS_SEARCH_USER_PATHS = NO;
				ASSETCATALOG_COMPILER_GENERATE_SWIFT_ASSET_SYMBOL_EXTENSIONS = YES;
				CLANG_ANALYZER_NONNULL = YES;
				CLANG_ANALYZER_NUMBER_OBJECT_CONVERSION = YES_AGGRESSIVE;
				CLANG_CXX_LANGUAGE_STANDARD = "gnu++20";
				CLANG_ENABLE_MODULES = YES;
				CLANG_ENABLE_OBJC_ARC = YES;
				CLANG_ENABLE_OBJC_WEAK = YES;
				CLANG_WARN_BLOCK_CAPTURE_AUTORELEASING = YES;
				CLANG_WARN_BOOL_CONVERSION = YES;
				CLANG_WARN_COMMA = YES;
				CLANG_WARN_CONSTANT_CONVERSION = YES;
				CLANG_WARN_DEPRECATED_OBJC_IMPLEMENTATIONS = YES;
				CLANG_WARN_DIRECT_OBJC_ISA_USAGE = YES_ERROR;
				CLANG_WARN_DOCUMENTATION_COMMENTS = YES;
				CLANG_WARN_EMPTY_BODY = YES;
				CLANG_WARN_ENUM_CONVERSION = YES;
				CLANG_WARN_INFINITE_RECURSION = YES;
				CLANG_WARN_INT_CONVERSION = YES;
				CLANG_WARN_NON_LITERAL_NULL_CONVERSION = YES;
				CLANG_WARN_OBJC_IMPLICIT_RETAIN_SELF = YES;
				CLANG_WARN_OBJC_LITERAL_CONVERSION = YES;
				CLANG_WARN_OBJC_ROOT_CLASS = YES_ERROR;
				CLANG_WARN_QUOTED_INCLUDE_IN_FRAMEWORK_HEADER = YES;
				CLANG_WARN_RANGE_LOOP_ANALYSIS = YES;
				CLANG_WARN_STRICT_PROTOTYPES = YES;
				CLANG_WARN_SUSPICIOUS_MOVE = YES;
				CLANG_WARN_UNGUARDED_AVAILABILITY = YES_AGGRESSIVE;
				CLANG_WARN_UNREACHABLE_CODE = YES;
				CLANG_WARN__DUPLICATE_METHOD_MATCH = YES;
				COPY_PHASE_STRIP = NO;
				DEBUG_INFORMATION_FORMAT = "dwarf-with-dsym";
				ENABLE_NS_ASSERTIONS = NO;
				ENABLE_STRICT_OBJC_MSGSEND = YES;
				ENABLE_USER_SCRIPT_SANDBOXING = YES;
				GCC_C_LANGUAGE_STANDARD = gnu17;
				GCC_NO_COMMON_BLOCKS = YES;
				GCC_WARN_64_TO_32_BIT_CONVERSION = YES;
				GCC_WARN_ABOUT_RETURN_TYPE = YES_ERROR;
				GCC_WARN_UNDECLARED_SELECTOR = YES;
				GCC_WARN_UNINITIALIZED_AUTOS = YES_AGGRESSIVE;
				GCC_WARN_UNUSED_FUNCTION = YES;
				GCC_WARN_UNUSED_VARIABLE = YES;
				IPHONEOS_DEPLOYMENT_TARGET = 16.0;
				LOCALIZATION_PREFERS_STRING_CATALOGS = YES;
				MTL_ENABLE_DEBUG_INFO = NO;
				MTL_FAST_MATH = YES;
				SDKROOT = iphoneos;
				SWIFT_COMPILATION_MODE = wholemodule;
				VALIDATE_PRODUCT = YES;
			};
			name = Release;
		};
		61414F932C2F02A200B2C027 /* Debug */ = {
			isa = XCBuildConfiguration;
			buildSettings = {
				ASSETCATALOG_COMPILER_APPICON_NAME = AppIcon;
				ASSETCATALOG_COMPILER_GLOBAL_ACCENT_COLOR_NAME = AccentColor;
				CODE_SIGN_ENTITLEMENTS = Accounty/Resources/Accounty.entitlements;
				CODE_SIGN_STYLE = Automatic;
				CURRENT_PROJECT_VERSION = 1;
				DEVELOPMENT_TEAM = 2833TJF677;
				GENERATE_INFOPLIST_FILE = YES;
				INFOPLIST_FILE = Accounty/Resources/Info.plist;
				INFOPLIST_KEY_CFBundleDisplayName = Accounty;
				INFOPLIST_KEY_NSCameraUsageDescription = "For Adding Friends Via QR Code";
				INFOPLIST_KEY_UIApplicationSupportsIndirectInputEvents = YES;
				INFOPLIST_KEY_UILaunchStoryboardName = LaunchScreen;
				INFOPLIST_KEY_UISupportedInterfaceOrientations_iPad = "UIInterfaceOrientationPortrait UIInterfaceOrientationPortraitUpsideDown UIInterfaceOrientationLandscapeLeft UIInterfaceOrientationLandscapeRight";
				INFOPLIST_KEY_UISupportedInterfaceOrientations_iPhone = "UIInterfaceOrientationPortrait UIInterfaceOrientationLandscapeLeft UIInterfaceOrientationLandscapeRight";
				IPHONEOS_DEPLOYMENT_TARGET = 17.0;
				LD_RUNPATH_SEARCH_PATHS = (
					"$(inherited)",
					"@executable_path/Frameworks",
				);
				MARKETING_VERSION = 1.0;
				PRODUCT_BUNDLE_IDENTIFIER = com.rzmn.accounty;
				PRODUCT_NAME = "$(TARGET_NAME)";
				SUPPORTED_PLATFORMS = "iphoneos iphonesimulator";
				SUPPORTS_MACCATALYST = NO;
				SUPPORTS_MAC_DESIGNED_FOR_IPHONE_IPAD = NO;
				SUPPORTS_XR_DESIGNED_FOR_IPHONE_IPAD = NO;
				SWIFT_EMIT_LOC_STRINGS = YES;
				SWIFT_VERSION = 5.0;
				TARGETED_DEVICE_FAMILY = "1,2";
			};
			name = Debug;
		};
		61414F942C2F02A200B2C027 /* Release */ = {
			isa = XCBuildConfiguration;
			buildSettings = {
				ASSETCATALOG_COMPILER_APPICON_NAME = AppIcon;
				ASSETCATALOG_COMPILER_GLOBAL_ACCENT_COLOR_NAME = AccentColor;
				CODE_SIGN_ENTITLEMENTS = Accounty/Resources/Accounty.entitlements;
				CODE_SIGN_STYLE = Automatic;
				CURRENT_PROJECT_VERSION = 1;
				DEVELOPMENT_TEAM = 2833TJF677;
				GENERATE_INFOPLIST_FILE = YES;
				INFOPLIST_FILE = Accounty/Resources/Info.plist;
				INFOPLIST_KEY_CFBundleDisplayName = Accounty;
				INFOPLIST_KEY_NSCameraUsageDescription = "For Adding Friends Via QR Code";
				INFOPLIST_KEY_UIApplicationSupportsIndirectInputEvents = YES;
				INFOPLIST_KEY_UILaunchStoryboardName = LaunchScreen;
				INFOPLIST_KEY_UISupportedInterfaceOrientations_iPad = "UIInterfaceOrientationPortrait UIInterfaceOrientationPortraitUpsideDown UIInterfaceOrientationLandscapeLeft UIInterfaceOrientationLandscapeRight";
				INFOPLIST_KEY_UISupportedInterfaceOrientations_iPhone = "UIInterfaceOrientationPortrait UIInterfaceOrientationLandscapeLeft UIInterfaceOrientationLandscapeRight";
				IPHONEOS_DEPLOYMENT_TARGET = 17.0;
				LD_RUNPATH_SEARCH_PATHS = (
					"$(inherited)",
					"@executable_path/Frameworks",
				);
				MARKETING_VERSION = 1.0;
				PRODUCT_BUNDLE_IDENTIFIER = com.rzmn.accounty;
				PRODUCT_NAME = "$(TARGET_NAME)";
				SUPPORTED_PLATFORMS = "iphoneos iphonesimulator";
				SUPPORTS_MACCATALYST = NO;
				SUPPORTS_MAC_DESIGNED_FOR_IPHONE_IPAD = NO;
				SUPPORTS_XR_DESIGNED_FOR_IPHONE_IPAD = NO;
				SWIFT_EMIT_LOC_STRINGS = YES;
				SWIFT_VERSION = 5.0;
				TARGETED_DEVICE_FAMILY = "1,2";
			};
			name = Release;
		};
/* End XCBuildConfiguration section */

/* Begin XCConfigurationList section */
		61414F792C2F02A100B2C027 /* Build configuration list for PBXProject "Accounty" */ = {
			isa = XCConfigurationList;
			buildConfigurations = (
				61414F902C2F02A200B2C027 /* Debug */,
				61414F912C2F02A200B2C027 /* Release */,
			);
			defaultConfigurationIsVisible = 0;
			defaultConfigurationName = Release;
		};
		61414F922C2F02A200B2C027 /* Build configuration list for PBXNativeTarget "Accounty" */ = {
			isa = XCConfigurationList;
			buildConfigurations = (
				61414F932C2F02A200B2C027 /* Debug */,
				61414F942C2F02A200B2C027 /* Release */,
			);
			defaultConfigurationIsVisible = 0;
			defaultConfigurationName = Release;
		};
/* End XCConfigurationList section */

/* Begin XCSwiftPackageProductDependency section */
		610E9BE12C5F7551003D1A79 /* Api */ = {
			isa = XCSwiftPackageProductDependency;
			productName = Api;
		};
		610E9BE32C5F7551003D1A79 /* ApiDomainConvenience */ = {
			isa = XCSwiftPackageProductDependency;
			productName = ApiDomainConvenience;
		};
		610E9BE52C5F7551003D1A79 /* ApiService */ = {
			isa = XCSwiftPackageProductDependency;
			productName = ApiService;
		};
		610E9BE72C5F7551003D1A79 /* App */ = {
			isa = XCSwiftPackageProductDependency;
			productName = App;
		};
		610E9BE92C5F7551003D1A79 /* AppBase */ = {
			isa = XCSwiftPackageProductDependency;
			productName = AppBase;
		};
		610E9BEB2C5F7551003D1A79 /* AuthSession */ = {
			isa = XCSwiftPackageProductDependency;
			productName = AuthSession;
		};
		610E9BED2C5F7551003D1A79 /* Base */ = {
			isa = XCSwiftPackageProductDependency;
			productName = Base;
		};
		610E9BEF2C5F7551003D1A79 /* DataTransferObjects */ = {
			isa = XCSwiftPackageProductDependency;
			productName = DataTransferObjects;
		};
		610E9BF12C5F7551003D1A79 /* DefaultApiImplementation */ = {
			isa = XCSwiftPackageProductDependency;
			productName = DefaultApiImplementation;
		};
		610E9BF32C5F7551003D1A79 /* DefaultApiServiceImplementation */ = {
			isa = XCSwiftPackageProductDependency;
			productName = DefaultApiServiceImplementation;
		};
		610E9BF52C5F7551003D1A79 /* DefaultAuthUseCaseImplementation */ = {
			isa = XCSwiftPackageProductDependency;
			productName = DefaultAuthUseCaseImplementation;
		};
		610E9BF72C5F7551003D1A79 /* DefaultDependencies */ = {
			isa = XCSwiftPackageProductDependency;
			productName = DefaultDependencies;
		};
		610E9BF92C5F7551003D1A79 /* DefaultFriendInteractionsUseCaseImplementation */ = {
			isa = XCSwiftPackageProductDependency;
			productName = DefaultFriendInteractionsUseCaseImplementation;
		};
		610E9BFB2C5F7551003D1A79 /* DefaultFriendsRepositoryImplementation */ = {
			isa = XCSwiftPackageProductDependency;
			productName = DefaultFriendsRepositoryImplementation;
		};
		610E9BFD2C5F7551003D1A79 /* DefaultNetworkingImplementation */ = {
			isa = XCSwiftPackageProductDependency;
			productName = DefaultNetworkingImplementation;
		};
		610E9BFF2C5F7551003D1A79 /* DefaultProfileEditingUseCaseImplementation */ = {
			isa = XCSwiftPackageProductDependency;
			productName = DefaultProfileEditingUseCaseImplementation;
		};
		610E9C012C5F7551003D1A79 /* DefaultQRInviteUseCaseImplementation */ = {
			isa = XCSwiftPackageProductDependency;
			productName = DefaultQRInviteUseCaseImplementation;
		};
		610E9C032C5F7551003D1A79 /* DefaultSpendingInteractionsUseCaseImplementation */ = {
			isa = XCSwiftPackageProductDependency;
			productName = DefaultSpendingInteractionsUseCaseImplementation;
		};
		610E9C052C5F7551003D1A79 /* DefaultSpendingsRepositoryImplementation */ = {
			isa = XCSwiftPackageProductDependency;
			productName = DefaultSpendingsRepositoryImplementation;
		};
		610E9C072C5F7551003D1A79 /* DefaultUsersRepositoryImplementation */ = {
			isa = XCSwiftPackageProductDependency;
			productName = DefaultUsersRepositoryImplementation;
		};
		610E9C092C5F7551003D1A79 /* DefaultValidationUseCasesImplementation */ = {
			isa = XCSwiftPackageProductDependency;
			productName = DefaultValidationUseCasesImplementation;
		};
		610E9C0B2C5F7551003D1A79 /* DesignSystem */ = {
			isa = XCSwiftPackageProductDependency;
			productName = DesignSystem;
		};
		610E9C0D2C5F7551003D1A79 /* DI */ = {
			isa = XCSwiftPackageProductDependency;
			productName = DI;
		};
		610E9C0F2C5F7551003D1A79 /* Domain */ = {
			isa = XCSwiftPackageProductDependency;
			productName = Domain;
		};
		610E9C112C5F7551003D1A79 /* LaunchFlow */ = {
			isa = XCSwiftPackageProductDependency;
			productName = LaunchFlow;
		};
		610E9C132C5F7551003D1A79 /* Logging */ = {
			isa = XCSwiftPackageProductDependency;
			productName = Logging;
		};
		610E9C152C5F7551003D1A79 /* Networking */ = {
			isa = XCSwiftPackageProductDependency;
			productName = Networking;
		};
		610E9C172C5F7551003D1A79 /* PersistentStorage */ = {
			isa = XCSwiftPackageProductDependency;
			productName = PersistentStorage;
		};
		610E9C192C5F7551003D1A79 /* PersistentStorageSQLite */ = {
			isa = XCSwiftPackageProductDependency;
			productName = PersistentStorageSQLite;
		};
		610E9C1B2C5F7551003D1A79 /* Routing */ = {
			isa = XCSwiftPackageProductDependency;
			productName = Routing;
		};
/* End XCSwiftPackageProductDependency section */
	};
	rootObject = 61414F762C2F02A100B2C027 /* Project object */;
}
