// !$*UTF8*$!
{
	archiveVersion = 1;
	classes = {
	};
	objectVersion = 56;
	objects = {

/* Begin PBXBuildFile section */
		61414F822C2F02A100B2C027 /* AppDelegate.swift in Sources */ = {isa = PBXBuildFile; fileRef = 61414F812C2F02A100B2C027 /* AppDelegate.swift */; };
		61414F842C2F02A100B2C027 /* SceneDelegate.swift in Sources */ = {isa = PBXBuildFile; fileRef = 61414F832C2F02A100B2C027 /* SceneDelegate.swift */; };
		61414F8B2C2F02A200B2C027 /* Assets.xcassets in Resources */ = {isa = PBXBuildFile; fileRef = 61414F8A2C2F02A200B2C027 /* Assets.xcassets */; };
		61414F8E2C2F02A200B2C027 /* Base in Resources */ = {isa = PBXBuildFile; fileRef = 61414F8D2C2F02A200B2C027 /* Base */; };
		616BB0552C42AEDE002759F0 /* Api in Frameworks */ = {isa = PBXBuildFile; productRef = 616BB0542C42AEDE002759F0 /* Api */; };
		616BB0572C42AEDE002759F0 /* ApiDomainConvenience in Frameworks */ = {isa = PBXBuildFile; productRef = 616BB0562C42AEDE002759F0 /* ApiDomainConvenience */; };
		616BB0592C42AEDE002759F0 /* ApiService in Frameworks */ = {isa = PBXBuildFile; productRef = 616BB0582C42AEDE002759F0 /* ApiService */; };
		616BB05B2C42AEDE002759F0 /* App in Frameworks */ = {isa = PBXBuildFile; productRef = 616BB05A2C42AEDE002759F0 /* App */; };
		616BB05D2C42AEDE002759F0 /* AuthSession in Frameworks */ = {isa = PBXBuildFile; productRef = 616BB05C2C42AEDE002759F0 /* AuthSession */; };
		616BB05F2C42AEDE002759F0 /* Base in Frameworks */ = {isa = PBXBuildFile; productRef = 616BB05E2C42AEDE002759F0 /* Base */; };
		616BB0612C42AEDE002759F0 /* DefaultApiServiceImplementation in Frameworks */ = {isa = PBXBuildFile; productRef = 616BB0602C42AEDE002759F0 /* DefaultApiServiceImplementation */; };
		616BB0632C42AEDE002759F0 /* DefaultAuthorizedSessionRepositoryImplementation in Frameworks */ = {isa = PBXBuildFile; productRef = 616BB0622C42AEDE002759F0 /* DefaultAuthorizedSessionRepositoryImplementation */; };
		616BB0652C42AEDE002759F0 /* DefaultAuthUseCaseImplementation in Frameworks */ = {isa = PBXBuildFile; productRef = 616BB0642C42AEDE002759F0 /* DefaultAuthUseCaseImplementation */; };
		616BB0672C42AEDE002759F0 /* DefaultDependencies in Frameworks */ = {isa = PBXBuildFile; productRef = 616BB0662C42AEDE002759F0 /* DefaultDependencies */; };
		616BB0692C42AEDE002759F0 /* DefaultFriendInteractionsUseCaseImplementation in Frameworks */ = {isa = PBXBuildFile; productRef = 616BB0682C42AEDE002759F0 /* DefaultFriendInteractionsUseCaseImplementation */; };
		616BB06B2C42AEDE002759F0 /* DefaultFriendsRepositoryImplementation in Frameworks */ = {isa = PBXBuildFile; productRef = 616BB06A2C42AEDE002759F0 /* DefaultFriendsRepositoryImplementation */; };
		616BB06D2C42AEDE002759F0 /* DefaultNetworkingImplementation in Frameworks */ = {isa = PBXBuildFile; productRef = 616BB06C2C42AEDE002759F0 /* DefaultNetworkingImplementation */; };
		616BB06F2C42AEDE002759F0 /* DefaultQRInviteUseCaseImplementation in Frameworks */ = {isa = PBXBuildFile; productRef = 616BB06E2C42AEDE002759F0 /* DefaultQRInviteUseCaseImplementation */; };
		616BB0712C42AEDE002759F0 /* DesignSystem in Frameworks */ = {isa = PBXBuildFile; productRef = 616BB0702C42AEDE002759F0 /* DesignSystem */; };
		616BB0732C42AEDE002759F0 /* DI in Frameworks */ = {isa = PBXBuildFile; productRef = 616BB0722C42AEDE002759F0 /* DI */; };
		616BB0752C42AEDE002759F0 /* Domain in Frameworks */ = {isa = PBXBuildFile; productRef = 616BB0742C42AEDE002759F0 /* Domain */; };
		616BB0772C42AEDE002759F0 /* Logging in Frameworks */ = {isa = PBXBuildFile; productRef = 616BB0762C42AEDE002759F0 /* Logging */; };
		616BB0792C42AEDE002759F0 /* Networking in Frameworks */ = {isa = PBXBuildFile; productRef = 616BB0782C42AEDE002759F0 /* Networking */; };
		61FD347C2C40242F002C1A5A /* Localizable.xcstrings in Resources */ = {isa = PBXBuildFile; fileRef = 61FD347B2C40242F002C1A5A /* Localizable.xcstrings */; };
/* End PBXBuildFile section */

/* Begin PBXFileReference section */
		61414F7E2C2F02A100B2C027 /* Accounty.app */ = {isa = PBXFileReference; explicitFileType = wrapper.application; includeInIndex = 0; path = Accounty.app; sourceTree = BUILT_PRODUCTS_DIR; };
		61414F812C2F02A100B2C027 /* AppDelegate.swift */ = {isa = PBXFileReference; lastKnownFileType = sourcecode.swift; path = AppDelegate.swift; sourceTree = "<group>"; };
		61414F832C2F02A100B2C027 /* SceneDelegate.swift */ = {isa = PBXFileReference; lastKnownFileType = sourcecode.swift; path = SceneDelegate.swift; sourceTree = "<group>"; };
		61414F8A2C2F02A200B2C027 /* Assets.xcassets */ = {isa = PBXFileReference; lastKnownFileType = folder.assetcatalog; path = Assets.xcassets; sourceTree = "<group>"; };
		61414F8D2C2F02A200B2C027 /* Base */ = {isa = PBXFileReference; lastKnownFileType = file.storyboard; name = Base; path = Base.lproj/LaunchScreen.storyboard; sourceTree = "<group>"; };
		61414F8F2C2F02A200B2C027 /* Info.plist */ = {isa = PBXFileReference; lastKnownFileType = text.plist.xml; path = Info.plist; sourceTree = "<group>"; };
		6171E17D2C49A3B600E730D8 /* DefaultSpendingInteractionsUseCaseImplementation */ = {isa = PBXFileReference; lastKnownFileType = wrapper; path = DefaultSpendingInteractionsUseCaseImplementation; sourceTree = "<group>"; };
		6171E17E2C49A3B600E730D8 /* DefaultSpendingsRepositoryImplementation */ = {isa = PBXFileReference; lastKnownFileType = wrapper; path = DefaultSpendingsRepositoryImplementation; sourceTree = "<group>"; };
		61D3B3D92C42AEAE000585D1 /* ApiService */ = {isa = PBXFileReference; lastKnownFileType = wrapper; path = ApiService; sourceTree = "<group>"; };
		61D3B3DA2C42AEAE000585D1 /* DI */ = {isa = PBXFileReference; lastKnownFileType = wrapper; path = DI; sourceTree = "<group>"; };
		61D3B3DB2C42AEAE000585D1 /* Domain */ = {isa = PBXFileReference; lastKnownFileType = wrapper; path = Domain; sourceTree = "<group>"; };
		61D3B3DC2C42AEAE000585D1 /* Networking */ = {isa = PBXFileReference; lastKnownFileType = wrapper; path = Networking; sourceTree = "<group>"; };
		61D3B3DE2C42AEAE000585D1 /* Api */ = {isa = PBXFileReference; lastKnownFileType = wrapper; path = Api; sourceTree = "<group>"; };
		61D3B3DF2C42AEAE000585D1 /* ApiDomainConvenience */ = {isa = PBXFileReference; lastKnownFileType = wrapper; path = ApiDomainConvenience; sourceTree = "<group>"; };
		61D3B3E02C42AEAE000585D1 /* AuthSession */ = {isa = PBXFileReference; lastKnownFileType = wrapper; path = AuthSession; sourceTree = "<group>"; };
		61D3B3E12C42AEAE000585D1 /* DefaultApiServiceImplementation */ = {isa = PBXFileReference; lastKnownFileType = wrapper; path = DefaultApiServiceImplementation; sourceTree = "<group>"; };
		61D3B3E22C42AEAE000585D1 /* DefaultAuthorizedSessionRepositoryImplementation */ = {isa = PBXFileReference; lastKnownFileType = wrapper; path = DefaultAuthorizedSessionRepositoryImplementation; sourceTree = "<group>"; };
		61D3B3E32C42AEAE000585D1 /* DefaultAuthUseCaseImplementation */ = {isa = PBXFileReference; lastKnownFileType = wrapper; path = DefaultAuthUseCaseImplementation; sourceTree = "<group>"; };
		61D3B3E42C42AEAE000585D1 /* DefaultDependencies */ = {isa = PBXFileReference; lastKnownFileType = wrapper; path = DefaultDependencies; sourceTree = "<group>"; };
		61D3B3E52C42AEAE000585D1 /* DefaultFriendInteractionsUseCaseImplementation */ = {isa = PBXFileReference; lastKnownFileType = wrapper; path = DefaultFriendInteractionsUseCaseImplementation; sourceTree = "<group>"; };
		61D3B3E62C42AEAE000585D1 /* DefaultFriendsRepositoryImplementation */ = {isa = PBXFileReference; lastKnownFileType = wrapper; path = DefaultFriendsRepositoryImplementation; sourceTree = "<group>"; };
		61D3B3E72C42AEAE000585D1 /* DefaultNetworkingImplementation */ = {isa = PBXFileReference; lastKnownFileType = wrapper; path = DefaultNetworkingImplementation; sourceTree = "<group>"; };
		61D3B3E82C42AEAE000585D1 /* DefaultQRInviteUseCaseImplementation */ = {isa = PBXFileReference; lastKnownFileType = wrapper; path = DefaultQRInviteUseCaseImplementation; sourceTree = "<group>"; };
		61D3B3EA2C42AEAE000585D1 /* App */ = {isa = PBXFileReference; lastKnownFileType = wrapper; path = App; sourceTree = "<group>"; };
		61D3B3EB2C42AEAE000585D1 /* DesignSystem */ = {isa = PBXFileReference; lastKnownFileType = wrapper; path = DesignSystem; sourceTree = "<group>"; };
		61D3B3ED2C42AEAE000585D1 /* Base */ = {isa = PBXFileReference; lastKnownFileType = wrapper; path = Base; sourceTree = "<group>"; };
		61D3B3EE2C42AEAE000585D1 /* Logging */ = {isa = PBXFileReference; lastKnownFileType = wrapper; path = Logging; sourceTree = "<group>"; };
		61FD347B2C40242F002C1A5A /* Localizable.xcstrings */ = {isa = PBXFileReference; lastKnownFileType = text.json.xcstrings; path = Localizable.xcstrings; sourceTree = "<group>"; };
		61FD347D2C4069F8002C1A5A /* Accounty.entitlements */ = {isa = PBXFileReference; lastKnownFileType = text.plist.entitlements; path = Accounty.entitlements; sourceTree = "<group>"; };
/* End PBXFileReference section */

/* Begin PBXFrameworksBuildPhase section */
		61414F7B2C2F02A100B2C027 /* Frameworks */ = {
			isa = PBXFrameworksBuildPhase;
			buildActionMask = 2147483647;
			files = (
				616BB0772C42AEDE002759F0 /* Logging in Frameworks */,
				616BB0712C42AEDE002759F0 /* DesignSystem in Frameworks */,
				616BB06B2C42AEDE002759F0 /* DefaultFriendsRepositoryImplementation in Frameworks */,
				616BB05B2C42AEDE002759F0 /* App in Frameworks */,
				616BB06F2C42AEDE002759F0 /* DefaultQRInviteUseCaseImplementation in Frameworks */,
				616BB0752C42AEDE002759F0 /* Domain in Frameworks */,
				616BB0652C42AEDE002759F0 /* DefaultAuthUseCaseImplementation in Frameworks */,
				616BB05F2C42AEDE002759F0 /* Base in Frameworks */,
				616BB0792C42AEDE002759F0 /* Networking in Frameworks */,
				616BB06D2C42AEDE002759F0 /* DefaultNetworkingImplementation in Frameworks */,
				616BB0552C42AEDE002759F0 /* Api in Frameworks */,
				616BB0592C42AEDE002759F0 /* ApiService in Frameworks */,
				616BB0612C42AEDE002759F0 /* DefaultApiServiceImplementation in Frameworks */,
				616BB0572C42AEDE002759F0 /* ApiDomainConvenience in Frameworks */,
				616BB0732C42AEDE002759F0 /* DI in Frameworks */,
				616BB0692C42AEDE002759F0 /* DefaultFriendInteractionsUseCaseImplementation in Frameworks */,
				616BB0632C42AEDE002759F0 /* DefaultAuthorizedSessionRepositoryImplementation in Frameworks */,
				616BB05D2C42AEDE002759F0 /* AuthSession in Frameworks */,
				616BB0672C42AEDE002759F0 /* DefaultDependencies in Frameworks */,
			);
			runOnlyForDeploymentPostprocessing = 0;
		};
/* End PBXFrameworksBuildPhase section */

/* Begin PBXGroup section */
		61414F752C2F02A100B2C027 = {
			isa = PBXGroup;
			children = (
				61B74FDF2C305ECA001182A2 /* Packages */,
				61414F802C2F02A100B2C027 /* Accounty */,
				61414F7F2C2F02A100B2C027 /* Products */,
				61B74FF22C3080D6001182A2 /* Frameworks */,
			);
			sourceTree = "<group>";
		};
		61414F7F2C2F02A100B2C027 /* Products */ = {
			isa = PBXGroup;
			children = (
				61414F7E2C2F02A100B2C027 /* Accounty.app */,
			);
			name = Products;
			sourceTree = "<group>";
		};
		61414F802C2F02A100B2C027 /* Accounty */ = {
			isa = PBXGroup;
			children = (
				61FD347A2C402416002C1A5A /* Resources */,
				61414F812C2F02A100B2C027 /* AppDelegate.swift */,
				61414F832C2F02A100B2C027 /* SceneDelegate.swift */,
			);
			path = Accounty;
			sourceTree = "<group>";
		};
		61B74FDF2C305ECA001182A2 /* Packages */ = {
			isa = PBXGroup;
			children = (
				61D3B3EC2C42AEAE000585D1 /* App */,
				61D3B3DD2C42AEAE000585D1 /* Interfaces */,
				61D3B3E92C42AEAE000585D1 /* Implementations */,
				61D3B3EF2C42AEAE000585D1 /* Shared */,
			);
			path = Packages;
			sourceTree = "<group>";
		};
		61B74FF22C3080D6001182A2 /* Frameworks */ = {
			isa = PBXGroup;
			children = (
			);
			name = Frameworks;
			sourceTree = "<group>";
		};
		61D3B3DD2C42AEAE000585D1 /* Interfaces */ = {
			isa = PBXGroup;
			children = (
				61D3B3D92C42AEAE000585D1 /* ApiService */,
				61D3B3DA2C42AEAE000585D1 /* DI */,
				61D3B3DB2C42AEAE000585D1 /* Domain */,
				61D3B3DC2C42AEAE000585D1 /* Networking */,
			);
			path = Interfaces;
			sourceTree = "<group>";
		};
		61D3B3E92C42AEAE000585D1 /* Implementations */ = {
			isa = PBXGroup;
			children = (
				6171E17D2C49A3B600E730D8 /* DefaultSpendingInteractionsUseCaseImplementation */,
				6171E17E2C49A3B600E730D8 /* DefaultSpendingsRepositoryImplementation */,
				61D3B3DE2C42AEAE000585D1 /* Api */,
				61D3B3DF2C42AEAE000585D1 /* ApiDomainConvenience */,
				61D3B3E02C42AEAE000585D1 /* AuthSession */,
				61D3B3E12C42AEAE000585D1 /* DefaultApiServiceImplementation */,
				61D3B3E22C42AEAE000585D1 /* DefaultAuthorizedSessionRepositoryImplementation */,
				61D3B3E32C42AEAE000585D1 /* DefaultAuthUseCaseImplementation */,
				61D3B3E42C42AEAE000585D1 /* DefaultDependencies */,
				61D3B3E52C42AEAE000585D1 /* DefaultFriendInteractionsUseCaseImplementation */,
				61D3B3E62C42AEAE000585D1 /* DefaultFriendsRepositoryImplementation */,
				61D3B3E72C42AEAE000585D1 /* DefaultNetworkingImplementation */,
				61D3B3E82C42AEAE000585D1 /* DefaultQRInviteUseCaseImplementation */,
			);
			path = Implementations;
			sourceTree = "<group>";
		};
		61D3B3EC2C42AEAE000585D1 /* App */ = {
			isa = PBXGroup;
			children = (
				61D3B3EA2C42AEAE000585D1 /* App */,
				61D3B3EB2C42AEAE000585D1 /* DesignSystem */,
			);
			path = App;
			sourceTree = "<group>";
		};
		61D3B3EF2C42AEAE000585D1 /* Shared */ = {
			isa = PBXGroup;
			children = (
				61D3B3ED2C42AEAE000585D1 /* Base */,
				61D3B3EE2C42AEAE000585D1 /* Logging */,
			);
			path = Shared;
			sourceTree = "<group>";
		};
		61FD347A2C402416002C1A5A /* Resources */ = {
			isa = PBXGroup;
			children = (
				61414F8F2C2F02A200B2C027 /* Info.plist */,
				61414F8C2C2F02A200B2C027 /* LaunchScreen.storyboard */,
				61414F8A2C2F02A200B2C027 /* Assets.xcassets */,
				61FD347D2C4069F8002C1A5A /* Accounty.entitlements */,
				61FD347B2C40242F002C1A5A /* Localizable.xcstrings */,
			);
			path = Resources;
			sourceTree = "<group>";
		};
/* End PBXGroup section */

/* Begin PBXNativeTarget section */
		61414F7D2C2F02A100B2C027 /* Accounty */ = {
			isa = PBXNativeTarget;
			buildConfigurationList = 61414F922C2F02A200B2C027 /* Build configuration list for PBXNativeTarget "Accounty" */;
			buildPhases = (
				61414F7A2C2F02A100B2C027 /* Sources */,
				61414F7B2C2F02A100B2C027 /* Frameworks */,
				61414F7C2C2F02A100B2C027 /* Resources */,
			);
			buildRules = (
			);
			dependencies = (
			);
			name = Accounty;
			packageProductDependencies = (
				616BB0542C42AEDE002759F0 /* Api */,
				616BB0562C42AEDE002759F0 /* ApiDomainConvenience */,
				616BB0582C42AEDE002759F0 /* ApiService */,
				616BB05A2C42AEDE002759F0 /* App */,
				616BB05C2C42AEDE002759F0 /* AuthSession */,
				616BB05E2C42AEDE002759F0 /* Base */,
				616BB0602C42AEDE002759F0 /* DefaultApiServiceImplementation */,
				616BB0622C42AEDE002759F0 /* DefaultAuthorizedSessionRepositoryImplementation */,
				616BB0642C42AEDE002759F0 /* DefaultAuthUseCaseImplementation */,
				616BB0662C42AEDE002759F0 /* DefaultDependencies */,
				616BB0682C42AEDE002759F0 /* DefaultFriendInteractionsUseCaseImplementation */,
				616BB06A2C42AEDE002759F0 /* DefaultFriendsRepositoryImplementation */,
				616BB06C2C42AEDE002759F0 /* DefaultNetworkingImplementation */,
				616BB06E2C42AEDE002759F0 /* DefaultQRInviteUseCaseImplementation */,
				616BB0702C42AEDE002759F0 /* DesignSystem */,
				616BB0722C42AEDE002759F0 /* DI */,
				616BB0742C42AEDE002759F0 /* Domain */,
				616BB0762C42AEDE002759F0 /* Logging */,
				616BB0782C42AEDE002759F0 /* Networking */,
			);
			productName = SharedExpenses;
			productReference = 61414F7E2C2F02A100B2C027 /* Accounty.app */;
			productType = "com.apple.product-type.application";
		};
/* End PBXNativeTarget section */

/* Begin PBXProject section */
		61414F762C2F02A100B2C027 /* Project object */ = {
			isa = PBXProject;
			attributes = {
				BuildIndependentTargetsInParallel = 1;
				LastSwiftUpdateCheck = 1540;
				LastUpgradeCheck = 1540;
				TargetAttributes = {
					61414F7D2C2F02A100B2C027 = {
						CreatedOnToolsVersion = 15.4;
					};
				};
			};
			buildConfigurationList = 61414F792C2F02A100B2C027 /* Build configuration list for PBXProject "Accounty" */;
			compatibilityVersion = "Xcode 14.0";
			developmentRegion = en;
			hasScannedForEncodings = 0;
			knownRegions = (
				en,
				Base,
			);
			mainGroup = 61414F752C2F02A100B2C027;
			packageReferences = (
			);
			productRefGroup = 61414F7F2C2F02A100B2C027 /* Products */;
			projectDirPath = "";
			projectRoot = "";
			targets = (
				61414F7D2C2F02A100B2C027 /* Accounty */,
			);
		};
/* End PBXProject section */

/* Begin PBXResourcesBuildPhase section */
		61414F7C2C2F02A100B2C027 /* Resources */ = {
			isa = PBXResourcesBuildPhase;
			buildActionMask = 2147483647;
			files = (
				61414F8B2C2F02A200B2C027 /* Assets.xcassets in Resources */,
				61414F8E2C2F02A200B2C027 /* Base in Resources */,
				61FD347C2C40242F002C1A5A /* Localizable.xcstrings in Resources */,
			);
			runOnlyForDeploymentPostprocessing = 0;
		};
/* End PBXResourcesBuildPhase section */

/* Begin PBXSourcesBuildPhase section */
		61414F7A2C2F02A100B2C027 /* Sources */ = {
			isa = PBXSourcesBuildPhase;
			buildActionMask = 2147483647;
			files = (
				61414F822C2F02A100B2C027 /* AppDelegate.swift in Sources */,
				61414F842C2F02A100B2C027 /* SceneDelegate.swift in Sources */,
			);
			runOnlyForDeploymentPostprocessing = 0;
		};
/* End PBXSourcesBuildPhase section */

/* Begin PBXVariantGroup section */
		61414F8C2C2F02A200B2C027 /* LaunchScreen.storyboard */ = {
			isa = PBXVariantGroup;
			children = (
				61414F8D2C2F02A200B2C027 /* Base */,
			);
			name = LaunchScreen.storyboard;
			sourceTree = "<group>";
		};
/* End PBXVariantGroup section */

/* Begin XCBuildConfiguration section */
		61414F902C2F02A200B2C027 /* Debug */ = {
			isa = XCBuildConfiguration;
			buildSettings = {
				ALWAYS_SEARCH_USER_PATHS = NO;
				ASSETCATALOG_COMPILER_GENERATE_SWIFT_ASSET_SYMBOL_EXTENSIONS = YES;
				CLANG_ANALYZER_NONNULL = YES;
				CLANG_ANALYZER_NUMBER_OBJECT_CONVERSION = YES_AGGRESSIVE;
				CLANG_CXX_LANGUAGE_STANDARD = "gnu++20";
				CLANG_ENABLE_MODULES = YES;
				CLANG_ENABLE_OBJC_ARC = YES;
				CLANG_ENABLE_OBJC_WEAK = YES;
				CLANG_WARN_BLOCK_CAPTURE_AUTORELEASING = YES;
				CLANG_WARN_BOOL_CONVERSION = YES;
				CLANG_WARN_COMMA = YES;
				CLANG_WARN_CONSTANT_CONVERSION = YES;
				CLANG_WARN_DEPRECATED_OBJC_IMPLEMENTATIONS = YES;
				CLANG_WARN_DIRECT_OBJC_ISA_USAGE = YES_ERROR;
				CLANG_WARN_DOCUMENTATION_COMMENTS = YES;
				CLANG_WARN_EMPTY_BODY = YES;
				CLANG_WARN_ENUM_CONVERSION = YES;
				CLANG_WARN_INFINITE_RECURSION = YES;
				CLANG_WARN_INT_CONVERSION = YES;
				CLANG_WARN_NON_LITERAL_NULL_CONVERSION = YES;
				CLANG_WARN_OBJC_IMPLICIT_RETAIN_SELF = YES;
				CLANG_WARN_OBJC_LITERAL_CONVERSION = YES;
				CLANG_WARN_OBJC_ROOT_CLASS = YES_ERROR;
				CLANG_WARN_QUOTED_INCLUDE_IN_FRAMEWORK_HEADER = YES;
				CLANG_WARN_RANGE_LOOP_ANALYSIS = YES;
				CLANG_WARN_STRICT_PROTOTYPES = YES;
				CLANG_WARN_SUSPICIOUS_MOVE = YES;
				CLANG_WARN_UNGUARDED_AVAILABILITY = YES_AGGRESSIVE;
				CLANG_WARN_UNREACHABLE_CODE = YES;
				CLANG_WARN__DUPLICATE_METHOD_MATCH = YES;
				COPY_PHASE_STRIP = NO;
				DEBUG_INFORMATION_FORMAT = dwarf;
				ENABLE_STRICT_OBJC_MSGSEND = YES;
				ENABLE_TESTABILITY = YES;
				ENABLE_USER_SCRIPT_SANDBOXING = YES;
				GCC_C_LANGUAGE_STANDARD = gnu17;
				GCC_DYNAMIC_NO_PIC = NO;
				GCC_NO_COMMON_BLOCKS = YES;
				GCC_OPTIMIZATION_LEVEL = 0;
				GCC_PREPROCESSOR_DEFINITIONS = (
					"DEBUG=1",
					"$(inherited)",
				);
				GCC_WARN_64_TO_32_BIT_CONVERSION = YES;
				GCC_WARN_ABOUT_RETURN_TYPE = YES_ERROR;
				GCC_WARN_UNDECLARED_SELECTOR = YES;
				GCC_WARN_UNINITIALIZED_AUTOS = YES_AGGRESSIVE;
				GCC_WARN_UNUSED_FUNCTION = YES;
				GCC_WARN_UNUSED_VARIABLE = YES;
				IPHONEOS_DEPLOYMENT_TARGET = 16.0;
				LOCALIZATION_PREFERS_STRING_CATALOGS = YES;
				MTL_ENABLE_DEBUG_INFO = INCLUDE_SOURCE;
				MTL_FAST_MATH = YES;
				ONLY_ACTIVE_ARCH = YES;
				SDKROOT = iphoneos;
				SWIFT_ACTIVE_COMPILATION_CONDITIONS = "DEBUG $(inherited)";
				SWIFT_OPTIMIZATION_LEVEL = "-Onone";
			};
			name = Debug;
		};
		61414F912C2F02A200B2C027 /* Release */ = {
			isa = XCBuildConfiguration;
			buildSettings = {
				ALWAYS_SEARCH_USER_PATHS = NO;
				ASSETCATALOG_COMPILER_GENERATE_SWIFT_ASSET_SYMBOL_EXTENSIONS = YES;
				CLANG_ANALYZER_NONNULL = YES;
				CLANG_ANALYZER_NUMBER_OBJECT_CONVERSION = YES_AGGRESSIVE;
				CLANG_CXX_LANGUAGE_STANDARD = "gnu++20";
				CLANG_ENABLE_MODULES = YES;
				CLANG_ENABLE_OBJC_ARC = YES;
				CLANG_ENABLE_OBJC_WEAK = YES;
				CLANG_WARN_BLOCK_CAPTURE_AUTORELEASING = YES;
				CLANG_WARN_BOOL_CONVERSION = YES;
				CLANG_WARN_COMMA = YES;
				CLANG_WARN_CONSTANT_CONVERSION = YES;
				CLANG_WARN_DEPRECATED_OBJC_IMPLEMENTATIONS = YES;
				CLANG_WARN_DIRECT_OBJC_ISA_USAGE = YES_ERROR;
				CLANG_WARN_DOCUMENTATION_COMMENTS = YES;
				CLANG_WARN_EMPTY_BODY = YES;
				CLANG_WARN_ENUM_CONVERSION = YES;
				CLANG_WARN_INFINITE_RECURSION = YES;
				CLANG_WARN_INT_CONVERSION = YES;
				CLANG_WARN_NON_LITERAL_NULL_CONVERSION = YES;
				CLANG_WARN_OBJC_IMPLICIT_RETAIN_SELF = YES;
				CLANG_WARN_OBJC_LITERAL_CONVERSION = YES;
				CLANG_WARN_OBJC_ROOT_CLASS = YES_ERROR;
				CLANG_WARN_QUOTED_INCLUDE_IN_FRAMEWORK_HEADER = YES;
				CLANG_WARN_RANGE_LOOP_ANALYSIS = YES;
				CLANG_WARN_STRICT_PROTOTYPES = YES;
				CLANG_WARN_SUSPICIOUS_MOVE = YES;
				CLANG_WARN_UNGUARDED_AVAILABILITY = YES_AGGRESSIVE;
				CLANG_WARN_UNREACHABLE_CODE = YES;
				CLANG_WARN__DUPLICATE_METHOD_MATCH = YES;
				COPY_PHASE_STRIP = NO;
				DEBUG_INFORMATION_FORMAT = "dwarf-with-dsym";
				ENABLE_NS_ASSERTIONS = NO;
				ENABLE_STRICT_OBJC_MSGSEND = YES;
				ENABLE_USER_SCRIPT_SANDBOXING = YES;
				GCC_C_LANGUAGE_STANDARD = gnu17;
				GCC_NO_COMMON_BLOCKS = YES;
				GCC_WARN_64_TO_32_BIT_CONVERSION = YES;
				GCC_WARN_ABOUT_RETURN_TYPE = YES_ERROR;
				GCC_WARN_UNDECLARED_SELECTOR = YES;
				GCC_WARN_UNINITIALIZED_AUTOS = YES_AGGRESSIVE;
				GCC_WARN_UNUSED_FUNCTION = YES;
				GCC_WARN_UNUSED_VARIABLE = YES;
				IPHONEOS_DEPLOYMENT_TARGET = 16.0;
				LOCALIZATION_PREFERS_STRING_CATALOGS = YES;
				MTL_ENABLE_DEBUG_INFO = NO;
				MTL_FAST_MATH = YES;
				SDKROOT = iphoneos;
				SWIFT_COMPILATION_MODE = wholemodule;
				VALIDATE_PRODUCT = YES;
			};
			name = Release;
		};
		61414F932C2F02A200B2C027 /* Debug */ = {
			isa = XCBuildConfiguration;
			buildSettings = {
				ASSETCATALOG_COMPILER_APPICON_NAME = AppIcon;
				ASSETCATALOG_COMPILER_GLOBAL_ACCENT_COLOR_NAME = AccentColor;
				CODE_SIGN_ENTITLEMENTS = Accounty/Resources/Accounty.entitlements;
				CODE_SIGN_STYLE = Automatic;
				CURRENT_PROJECT_VERSION = 1;
				DEVELOPMENT_TEAM = 2833TJF677;
				GENERATE_INFOPLIST_FILE = YES;
				INFOPLIST_FILE = Accounty/Resources/Info.plist;
				INFOPLIST_KEY_CFBundleDisplayName = Accounty;
				INFOPLIST_KEY_NSCameraUsageDescription = "For Adding Friends Via QR Code";
				INFOPLIST_KEY_UIApplicationSupportsIndirectInputEvents = YES;
				INFOPLIST_KEY_UILaunchStoryboardName = LaunchScreen;
				INFOPLIST_KEY_UISupportedInterfaceOrientations_iPad = "UIInterfaceOrientationPortrait UIInterfaceOrientationPortraitUpsideDown UIInterfaceOrientationLandscapeLeft UIInterfaceOrientationLandscapeRight";
				INFOPLIST_KEY_UISupportedInterfaceOrientations_iPhone = "UIInterfaceOrientationPortrait UIInterfaceOrientationLandscapeLeft UIInterfaceOrientationLandscapeRight";
				IPHONEOS_DEPLOYMENT_TARGET = 16.0;
				LD_RUNPATH_SEARCH_PATHS = (
					"$(inherited)",
					"@executable_path/Frameworks",
				);
				MARKETING_VERSION = 1.0;
				PRODUCT_BUNDLE_IDENTIFIER = com.rzmn.accounty;
				PRODUCT_NAME = "$(TARGET_NAME)";
				SUPPORTED_PLATFORMS = "iphoneos iphonesimulator";
				SUPPORTS_MACCATALYST = NO;
				SUPPORTS_MAC_DESIGNED_FOR_IPHONE_IPAD = NO;
				SUPPORTS_XR_DESIGNED_FOR_IPHONE_IPAD = NO;
				SWIFT_EMIT_LOC_STRINGS = YES;
				SWIFT_VERSION = 5.0;
				TARGETED_DEVICE_FAMILY = "1,2";
			};
			name = Debug;
		};
		61414F942C2F02A200B2C027 /* Release */ = {
			isa = XCBuildConfiguration;
			buildSettings = {
				ASSETCATALOG_COMPILER_APPICON_NAME = AppIcon;
				ASSETCATALOG_COMPILER_GLOBAL_ACCENT_COLOR_NAME = AccentColor;
				CODE_SIGN_ENTITLEMENTS = Accounty/Resources/Accounty.entitlements;
				CODE_SIGN_STYLE = Automatic;
				CURRENT_PROJECT_VERSION = 1;
				DEVELOPMENT_TEAM = 2833TJF677;
				GENERATE_INFOPLIST_FILE = YES;
				INFOPLIST_FILE = Accounty/Resources/Info.plist;
				INFOPLIST_KEY_CFBundleDisplayName = Accounty;
				INFOPLIST_KEY_NSCameraUsageDescription = "For Adding Friends Via QR Code";
				INFOPLIST_KEY_UIApplicationSupportsIndirectInputEvents = YES;
				INFOPLIST_KEY_UILaunchStoryboardName = LaunchScreen;
				INFOPLIST_KEY_UISupportedInterfaceOrientations_iPad = "UIInterfaceOrientationPortrait UIInterfaceOrientationPortraitUpsideDown UIInterfaceOrientationLandscapeLeft UIInterfaceOrientationLandscapeRight";
				INFOPLIST_KEY_UISupportedInterfaceOrientations_iPhone = "UIInterfaceOrientationPortrait UIInterfaceOrientationLandscapeLeft UIInterfaceOrientationLandscapeRight";
				IPHONEOS_DEPLOYMENT_TARGET = 16.0;
				LD_RUNPATH_SEARCH_PATHS = (
					"$(inherited)",
					"@executable_path/Frameworks",
				);
				MARKETING_VERSION = 1.0;
				PRODUCT_BUNDLE_IDENTIFIER = com.rzmn.accounty;
				PRODUCT_NAME = "$(TARGET_NAME)";
				SUPPORTED_PLATFORMS = "iphoneos iphonesimulator";
				SUPPORTS_MACCATALYST = NO;
				SUPPORTS_MAC_DESIGNED_FOR_IPHONE_IPAD = NO;
				SUPPORTS_XR_DESIGNED_FOR_IPHONE_IPAD = NO;
				SWIFT_EMIT_LOC_STRINGS = YES;
				SWIFT_VERSION = 5.0;
				TARGETED_DEVICE_FAMILY = "1,2";
			};
			name = Release;
		};
/* End XCBuildConfiguration section */

/* Begin XCConfigurationList section */
		61414F792C2F02A100B2C027 /* Build configuration list for PBXProject "Accounty" */ = {
			isa = XCConfigurationList;
			buildConfigurations = (
				61414F902C2F02A200B2C027 /* Debug */,
				61414F912C2F02A200B2C027 /* Release */,
			);
			defaultConfigurationIsVisible = 0;
			defaultConfigurationName = Release;
		};
		61414F922C2F02A200B2C027 /* Build configuration list for PBXNativeTarget "Accounty" */ = {
			isa = XCConfigurationList;
			buildConfigurations = (
				61414F932C2F02A200B2C027 /* Debug */,
				61414F942C2F02A200B2C027 /* Release */,
			);
			defaultConfigurationIsVisible = 0;
			defaultConfigurationName = Release;
		};
/* End XCConfigurationList section */

/* Begin XCSwiftPackageProductDependency section */
		616BB0542C42AEDE002759F0 /* Api */ = {
			isa = XCSwiftPackageProductDependency;
			productName = Api;
		};
		616BB0562C42AEDE002759F0 /* ApiDomainConvenience */ = {
			isa = XCSwiftPackageProductDependency;
			productName = ApiDomainConvenience;
		};
		616BB0582C42AEDE002759F0 /* ApiService */ = {
			isa = XCSwiftPackageProductDependency;
			productName = ApiService;
		};
		616BB05A2C42AEDE002759F0 /* App */ = {
			isa = XCSwiftPackageProductDependency;
			productName = App;
		};
		616BB05C2C42AEDE002759F0 /* AuthSession */ = {
			isa = XCSwiftPackageProductDependency;
			productName = AuthSession;
		};
		616BB05E2C42AEDE002759F0 /* Base */ = {
			isa = XCSwiftPackageProductDependency;
			productName = Base;
		};
		616BB0602C42AEDE002759F0 /* DefaultApiServiceImplementation */ = {
			isa = XCSwiftPackageProductDependency;
			productName = DefaultApiServiceImplementation;
		};
		616BB0622C42AEDE002759F0 /* DefaultAuthorizedSessionRepositoryImplementation */ = {
			isa = XCSwiftPackageProductDependency;
			productName = DefaultAuthorizedSessionRepositoryImplementation;
		};
		616BB0642C42AEDE002759F0 /* DefaultAuthUseCaseImplementation */ = {
			isa = XCSwiftPackageProductDependency;
			productName = DefaultAuthUseCaseImplementation;
		};
		616BB0662C42AEDE002759F0 /* DefaultDependencies */ = {
			isa = XCSwiftPackageProductDependency;
			productName = DefaultDependencies;
		};
		616BB0682C42AEDE002759F0 /* DefaultFriendInteractionsUseCaseImplementation */ = {
			isa = XCSwiftPackageProductDependency;
			productName = DefaultFriendInteractionsUseCaseImplementation;
		};
		616BB06A2C42AEDE002759F0 /* DefaultFriendsRepositoryImplementation */ = {
			isa = XCSwiftPackageProductDependency;
			productName = DefaultFriendsRepositoryImplementation;
		};
		616BB06C2C42AEDE002759F0 /* DefaultNetworkingImplementation */ = {
			isa = XCSwiftPackageProductDependency;
			productName = DefaultNetworkingImplementation;
		};
		616BB06E2C42AEDE002759F0 /* DefaultQRInviteUseCaseImplementation */ = {
			isa = XCSwiftPackageProductDependency;
			productName = DefaultQRInviteUseCaseImplementation;
		};
		616BB0702C42AEDE002759F0 /* DesignSystem */ = {
			isa = XCSwiftPackageProductDependency;
			productName = DesignSystem;
		};
		616BB0722C42AEDE002759F0 /* DI */ = {
			isa = XCSwiftPackageProductDependency;
			productName = DI;
		};
		616BB0742C42AEDE002759F0 /* Domain */ = {
			isa = XCSwiftPackageProductDependency;
			productName = Domain;
		};
		616BB0762C42AEDE002759F0 /* Logging */ = {
			isa = XCSwiftPackageProductDependency;
			productName = Logging;
		};
		616BB0782C42AEDE002759F0 /* Networking */ = {
			isa = XCSwiftPackageProductDependency;
			productName = Networking;
		};
/* End XCSwiftPackageProductDependency section */
	};
	rootObject = 61414F762C2F02A100B2C027 /* Project object */;
}
