// !$*UTF8*$!
{
	archiveVersion = 1;
	classes = {
	};
	objectVersion = 56;
	objects = {

/* Begin PBXBuildFile section */
		610E9BE82C5F7551003D1A79 /* App in Frameworks */ = {isa = PBXBuildFile; productRef = 610E9BE72C5F7551003D1A79 /* App */; };
		612631472C60AAFF00445300 /* SF-Pro.ttf in Resources */ = {isa = PBXBuildFile; fileRef = 612631462C60AAFF00445300 /* SF-Pro.ttf */; };
		61414F822C2F02A100B2C027 /* AppDelegate.swift in Sources */ = {isa = PBXBuildFile; fileRef = 61414F812C2F02A100B2C027 /* AppDelegate.swift */; };
		61414F842C2F02A100B2C027 /* SceneDelegate.swift in Sources */ = {isa = PBXBuildFile; fileRef = 61414F832C2F02A100B2C027 /* SceneDelegate.swift */; };
		61414F8B2C2F02A200B2C027 /* Assets.xcassets in Resources */ = {isa = PBXBuildFile; fileRef = 61414F8A2C2F02A200B2C027 /* Assets.xcassets */; };
		61414F8E2C2F02A200B2C027 /* Base in Resources */ = {isa = PBXBuildFile; fileRef = 61414F8D2C2F02A200B2C027 /* Base */; };
		6143A7D82C908D4E0030AAF1 /* Tests.xctestplan in Resources */ = {isa = PBXBuildFile; fileRef = 6143A7D72C908D4E0030AAF1 /* Tests.xctestplan */; };
		614AC19E2C6802EE005B2CD5 /* NotificationService.swift in Sources */ = {isa = PBXBuildFile; fileRef = 614AC19D2C6802EE005B2CD5 /* NotificationService.swift */; };
		614AC1A22C6802EE005B2CD5 /* NotificationService.appex in Embed Foundation Extensions */ = {isa = PBXBuildFile; fileRef = 614AC19B2C6802EE005B2CD5 /* NotificationService.appex */; settings = {ATTRIBUTES = (RemoveHeadersOnCopy, ); }; };
		618EDBE82C6510EA00CE47E4 /* SF-Pro-Display-Semibold.otf in Resources */ = {isa = PBXBuildFile; fileRef = 618EDBE72C6510EA00CE47E4 /* SF-Pro-Display-Semibold.otf */; };
		61D799C72C7CB04F00F99010 /* DefaultDependencies in Frameworks */ = {isa = PBXBuildFile; productRef = 61D799C62C7CB04F00F99010 /* DefaultDependencies */; };
		61D799CB2C7CB08500F99010 /* DefaultDependencies in Frameworks */ = {isa = PBXBuildFile; productRef = 61D799CA2C7CB08500F99010 /* DefaultDependencies */; };
		61FD347C2C40242F002C1A5A /* Localizable.xcstrings in Resources */ = {isa = PBXBuildFile; fileRef = 61FD347B2C40242F002C1A5A /* Localizable.xcstrings */; };
/* End PBXBuildFile section */

/* Begin PBXContainerItemProxy section */
		614AC1A02C6802EE005B2CD5 /* PBXContainerItemProxy */ = {
			isa = PBXContainerItemProxy;
			containerPortal = 61414F762C2F02A100B2C027 /* Project object */;
			proxyType = 1;
			remoteGlobalIDString = 614AC19A2C6802EE005B2CD5;
			remoteInfo = NotificationService;
		};
/* End PBXContainerItemProxy section */

/* Begin PBXCopyFilesBuildPhase section */
		614AC1A62C6802EE005B2CD5 /* Embed Foundation Extensions */ = {
			isa = PBXCopyFilesBuildPhase;
			buildActionMask = 2147483647;
			dstPath = "";
			dstSubfolderSpec = 13;
			files = (
				614AC1A22C6802EE005B2CD5 /* NotificationService.appex in Embed Foundation Extensions */,
			);
			name = "Embed Foundation Extensions";
			runOnlyForDeploymentPostprocessing = 0;
		};
/* End PBXCopyFilesBuildPhase section */

/* Begin PBXFileReference section */
		61088A962C5E70DE005FFFC2 /* AppBase */ = {isa = PBXFileReference; lastKnownFileType = wrapper; path = AppBase; sourceTree = "<group>"; };
		61088A982C5EACC6005FFFC2 /* DefaultValidationUseCasesImplementation */ = {isa = PBXFileReference; lastKnownFileType = wrapper; path = DefaultValidationUseCasesImplementation; sourceTree = "<group>"; };
		61088A9A2C5EB6FD005FFFC2 /* DefaultProfileEditingUseCaseImplementation */ = {isa = PBXFileReference; lastKnownFileType = wrapper; path = DefaultProfileEditingUseCaseImplementation; sourceTree = "<group>"; };
		611CABDF2C6B51E500D7DC5A /* UpdateEmailFlow */ = {isa = PBXFileReference; lastKnownFileType = wrapper; path = UpdateEmailFlow; sourceTree = "<group>"; };
		611CABE02C6B619D00D7DC5A /* UpdateDisplayNameFlow */ = {isa = PBXFileReference; lastKnownFileType = wrapper; path = UpdateDisplayNameFlow; sourceTree = "<group>"; };
		611CABE12C6B638A00D7DC5A /* UpdatePasswordFlow */ = {isa = PBXFileReference; lastKnownFileType = wrapper; path = UpdatePasswordFlow; sourceTree = "<group>"; };
		611CABE22C6B663100D7DC5A /* QrPreviewFlow */ = {isa = PBXFileReference; lastKnownFileType = wrapper; path = QrPreviewFlow; sourceTree = "<group>"; };
		611CABE32C6B66D100D7DC5A /* UpdateAvatarFlow */ = {isa = PBXFileReference; lastKnownFileType = wrapper; path = UpdateAvatarFlow; sourceTree = "<group>"; };
		611CCD4A2C50AE3A00289D9E /* DefaultDependencies */ = {isa = PBXFileReference; lastKnownFileType = wrapper; path = DefaultDependencies; sourceTree = "<group>"; };
		611CCD4B2C50AE3A00289D9E /* DI */ = {isa = PBXFileReference; lastKnownFileType = wrapper; path = DI; sourceTree = "<group>"; };
		611CCD502C50AE3A00289D9E /* DataTransferObjects */ = {isa = PBXFileReference; lastKnownFileType = wrapper; path = DataTransferObjects; sourceTree = "<group>"; };
		611CCD522C50AE3A00289D9E /* PersistentStorage */ = {isa = PBXFileReference; lastKnownFileType = wrapper; path = PersistentStorage; sourceTree = "<group>"; };
		611CCD542C50AE3A00289D9E /* App */ = {isa = PBXFileReference; lastKnownFileType = wrapper; path = App; sourceTree = "<group>"; };
		611CCD552C50AE3A00289D9E /* DesignSystem */ = {isa = PBXFileReference; lastKnownFileType = wrapper; path = DesignSystem; sourceTree = "<group>"; };
		611CCD572C50AE3A00289D9E /* ApiService */ = {isa = PBXFileReference; lastKnownFileType = wrapper; path = ApiService; sourceTree = "<group>"; };
		611CCD582C50AE3A00289D9E /* Base */ = {isa = PBXFileReference; lastKnownFileType = wrapper; path = Base; sourceTree = "<group>"; };
		611CCD592C50AE3A00289D9E /* DefaultApiServiceImplementation */ = {isa = PBXFileReference; lastKnownFileType = wrapper; path = DefaultApiServiceImplementation; sourceTree = "<group>"; };
		611CCD5A2C50AE3A00289D9E /* DefaultNetworkingImplementation */ = {isa = PBXFileReference; lastKnownFileType = wrapper; path = DefaultNetworkingImplementation; sourceTree = "<group>"; };
		611CCD5B2C50AE3A00289D9E /* Logging */ = {isa = PBXFileReference; lastKnownFileType = wrapper; path = Logging; sourceTree = "<group>"; };
		611CCD5C2C50AE3A00289D9E /* Networking */ = {isa = PBXFileReference; lastKnownFileType = wrapper; path = Networking; sourceTree = "<group>"; };
		611CCD5E2C50AE3A00289D9E /* ApiDomainConvenience */ = {isa = PBXFileReference; lastKnownFileType = wrapper; path = ApiDomainConvenience; sourceTree = "<group>"; };
		611CCD5F2C50AE3A00289D9E /* DefaultAuthUseCaseImplementation */ = {isa = PBXFileReference; lastKnownFileType = wrapper; path = DefaultAuthUseCaseImplementation; sourceTree = "<group>"; };
		611CCD602C50AE3A00289D9E /* DefaultFriendInteractionsUseCaseImplementation */ = {isa = PBXFileReference; lastKnownFileType = wrapper; path = DefaultFriendInteractionsUseCaseImplementation; sourceTree = "<group>"; };
		611CCD612C50AE3A00289D9E /* DefaultFriendsRepositoryImplementation */ = {isa = PBXFileReference; lastKnownFileType = wrapper; path = DefaultFriendsRepositoryImplementation; sourceTree = "<group>"; };
		611CCD622C50AE3A00289D9E /* DefaultQRInviteUseCaseImplementation */ = {isa = PBXFileReference; lastKnownFileType = wrapper; path = DefaultQRInviteUseCaseImplementation; sourceTree = "<group>"; };
		611CCD632C50AE3A00289D9E /* DefaultSpendingInteractionsUseCaseImplementation */ = {isa = PBXFileReference; lastKnownFileType = wrapper; path = DefaultSpendingInteractionsUseCaseImplementation; sourceTree = "<group>"; };
		611CCD642C50AE3A00289D9E /* DefaultSpendingsRepositoryImplementation */ = {isa = PBXFileReference; lastKnownFileType = wrapper; path = DefaultSpendingsRepositoryImplementation; sourceTree = "<group>"; };
		611CCD652C50AE3A00289D9E /* DefaultUsersRepositoryImplementation */ = {isa = PBXFileReference; lastKnownFileType = wrapper; path = DefaultUsersRepositoryImplementation; sourceTree = "<group>"; };
		611CCD672C50AE3A00289D9E /* Domain */ = {isa = PBXFileReference; lastKnownFileType = wrapper; path = Domain; sourceTree = "<group>"; };
		611CCD852C50B1D400289D9E /* PersistentStorageSQLite */ = {isa = PBXFileReference; lastKnownFileType = wrapper; path = PersistentStorageSQLite; sourceTree = "<group>"; };
		612250812C6DD54500553D23 /* AddExpenseFlow */ = {isa = PBXFileReference; lastKnownFileType = wrapper; path = AddExpenseFlow; sourceTree = "<group>"; };
		6126313A2C5FC49400445300 /* AuthenticatedFlow */ = {isa = PBXFileReference; lastKnownFileType = wrapper; path = AuthenticatedFlow; sourceTree = "<group>"; };
		6126313B2C5FC49400445300 /* UnauthenticatedFlow */ = {isa = PBXFileReference; lastKnownFileType = wrapper; path = UnauthenticatedFlow; sourceTree = "<group>"; };
		612631412C5FC60700445300 /* SignInFlow */ = {isa = PBXFileReference; lastKnownFileType = wrapper; path = SignInFlow; sourceTree = "<group>"; };
		612631422C5FC60700445300 /* SignUpFlow */ = {isa = PBXFileReference; lastKnownFileType = wrapper; path = SignUpFlow; sourceTree = "<group>"; };
		612631462C60AAFF00445300 /* SF-Pro.ttf */ = {isa = PBXFileReference; lastKnownFileType = file; path = "SF-Pro.ttf"; sourceTree = "<group>"; };
		612A06FE2C6104BE00F79192 /* AccountFlow */ = {isa = PBXFileReference; lastKnownFileType = wrapper; path = AccountFlow; sourceTree = "<group>"; };
		61414F7E2C2F02A100B2C027 /* Accounty.app */ = {isa = PBXFileReference; explicitFileType = wrapper.application; includeInIndex = 0; path = Accounty.app; sourceTree = BUILT_PRODUCTS_DIR; };
		61414F812C2F02A100B2C027 /* AppDelegate.swift */ = {isa = PBXFileReference; lastKnownFileType = sourcecode.swift; path = AppDelegate.swift; sourceTree = "<group>"; };
		61414F832C2F02A100B2C027 /* SceneDelegate.swift */ = {isa = PBXFileReference; lastKnownFileType = sourcecode.swift; path = SceneDelegate.swift; sourceTree = "<group>"; };
		61414F8A2C2F02A200B2C027 /* Assets.xcassets */ = {isa = PBXFileReference; lastKnownFileType = folder.assetcatalog; path = Assets.xcassets; sourceTree = "<group>"; };
		61414F8D2C2F02A200B2C027 /* Base */ = {isa = PBXFileReference; lastKnownFileType = file.storyboard; name = Base; path = Base.lproj/LaunchScreen.storyboard; sourceTree = "<group>"; };
		61414F8F2C2F02A200B2C027 /* Info.plist */ = {isa = PBXFileReference; lastKnownFileType = text.plist.xml; path = Info.plist; sourceTree = "<group>"; };
		6143A7D52C9076930030AAF1 /* MockPersistentStorage */ = {isa = PBXFileReference; lastKnownFileType = wrapper; path = MockPersistentStorage; sourceTree = "<group>"; };
		6143A7D72C908D4E0030AAF1 /* Tests.xctestplan */ = {isa = PBXFileReference; lastKnownFileType = text; path = Tests.xctestplan; sourceTree = "<group>"; };
		6143A7F32C90CBF90030AAF1 /* MockApiImplementation */ = {isa = PBXFileReference; lastKnownFileType = wrapper; path = MockApiImplementation; sourceTree = "<group>"; };
		6143A7F42C9162800030AAF1 /* MockNetworkingImplementation */ = {isa = PBXFileReference; lastKnownFileType = wrapper; path = MockNetworkingImplementation; sourceTree = "<group>"; };
		614AC1962C67E315005B2CD5 /* FriendsFlow */ = {isa = PBXFileReference; lastKnownFileType = wrapper; path = FriendsFlow; sourceTree = "<group>"; };
		614AC19B2C6802EE005B2CD5 /* NotificationService.appex */ = {isa = PBXFileReference; explicitFileType = "wrapper.app-extension"; includeInIndex = 0; path = NotificationService.appex; sourceTree = BUILT_PRODUCTS_DIR; };
		614AC19D2C6802EE005B2CD5 /* NotificationService.swift */ = {isa = PBXFileReference; lastKnownFileType = sourcecode.swift; path = NotificationService.swift; sourceTree = "<group>"; };
		614AC19F2C6802EE005B2CD5 /* Info.plist */ = {isa = PBXFileReference; lastKnownFileType = text.plist.xml; path = Info.plist; sourceTree = "<group>"; };
		614AC1A72C68145A005B2CD5 /* DefaultPushRegistrationUseCaseImplementation */ = {isa = PBXFileReference; lastKnownFileType = wrapper; path = DefaultPushRegistrationUseCaseImplementation; sourceTree = "<group>"; };
		617AAB532C982D130087E4F5 /* AsyncExtensions */ = {isa = PBXFileReference; lastKnownFileType = wrapper; path = AsyncExtensions; sourceTree = "<group>"; };
		617AAB542C9852DD0087E4F5 /* OnDemandPolling */ = {isa = PBXFileReference; lastKnownFileType = wrapper; path = OnDemandPolling; sourceTree = "<group>"; };
		6184E5AF2C79D9DC00E5D6C1 /* DefaultProfileRepositoryImplementation */ = {isa = PBXFileReference; lastKnownFileType = wrapper; path = DefaultProfileRepositoryImplementation; sourceTree = "<group>"; };
		6184E5B02C7A150500E5D6C1 /* DefaultLogoutUseCaseImplementation */ = {isa = PBXFileReference; lastKnownFileType = wrapper; path = DefaultLogoutUseCaseImplementation; sourceTree = "<group>"; };
		618ED7652C64045400CE47E4 /* DefaultAvatarsRepositoryImplementation */ = {isa = PBXFileReference; lastKnownFileType = wrapper; path = DefaultAvatarsRepositoryImplementation; sourceTree = "<group>"; };
		618EDBE72C6510EA00CE47E4 /* SF-Pro-Display-Semibold.otf */ = {isa = PBXFileReference; lastKnownFileType = file; path = "SF-Pro-Display-Semibold.otf"; sourceTree = "<group>"; };
		618EDBE92C6603A400CE47E4 /* DefaultEmailConfirmationUseCaseImplementation */ = {isa = PBXFileReference; lastKnownFileType = wrapper; path = DefaultEmailConfirmationUseCaseImplementation; sourceTree = "<group>"; };
		61A7488A2C6B8F6200ADF9FF /* DefaultSaveCredendialsUseCaseImplementation */ = {isa = PBXFileReference; lastKnownFileType = wrapper; path = DefaultSaveCredendialsUseCaseImplementation; sourceTree = "<group>"; };
		61BA6ED62C70ABD9006F1140 /* PickCounterpartyFlow */ = {isa = PBXFileReference; lastKnownFileType = wrapper; path = PickCounterpartyFlow; sourceTree = "<group>"; };
		61BA6ED82C71C0B6006F1140 /* UserPreviewFlow */ = {isa = PBXFileReference; lastKnownFileType = wrapper; path = UserPreviewFlow; sourceTree = "<group>"; };
		61BBB1232C50D3CE00E3D4F3 /* DefaultApiImplementation */ = {isa = PBXFileReference; lastKnownFileType = wrapper; path = DefaultApiImplementation; sourceTree = "<group>"; };
		61BBB1242C50D3CE00E3D4F3 /* Api */ = {isa = PBXFileReference; lastKnownFileType = wrapper; path = Api; sourceTree = "<group>"; };
		61D11BE82CA020CB0058B77A /* DataLayerDependencies */ = {isa = PBXFileReference; lastKnownFileType = wrapper; path = DataLayerDependencies; sourceTree = "<group>"; };
		61D11BE92CA0224F0058B77A /* DefaultDataLayerDependencies */ = {isa = PBXFileReference; lastKnownFileType = wrapper; path = DefaultDataLayerDependencies; sourceTree = "<group>"; };
		61D799CC2C7CBE1400F99010 /* DefaultReceivingPushUseCaseImplementation */ = {isa = PBXFileReference; lastKnownFileType = wrapper; path = DefaultReceivingPushUseCaseImplementation; sourceTree = "<group>"; };
		61D8456C2C7E69B200100E2E /* NotificationService.entitlements */ = {isa = PBXFileReference; lastKnownFileType = text.plist.entitlements; path = NotificationService.entitlements; sourceTree = "<group>"; };
		61FD347B2C40242F002C1A5A /* Localizable.xcstrings */ = {isa = PBXFileReference; lastKnownFileType = text.json.xcstrings; path = Localizable.xcstrings; sourceTree = "<group>"; };
		61FD347D2C4069F8002C1A5A /* Accounty.entitlements */ = {isa = PBXFileReference; lastKnownFileType = text.plist.entitlements; path = Accounty.entitlements; sourceTree = "<group>"; };
/* End PBXFileReference section */

/* Begin PBXFrameworksBuildPhase section */
		61414F7B2C2F02A100B2C027 /* Frameworks */ = {
			isa = PBXFrameworksBuildPhase;
			buildActionMask = 2147483647;
			files = (
				610E9BE82C5F7551003D1A79 /* App in Frameworks */,
				61D799C72C7CB04F00F99010 /* DefaultDependencies in Frameworks */,
			);
			runOnlyForDeploymentPostprocessing = 0;
		};
		614AC1982C6802EE005B2CD5 /* Frameworks */ = {
			isa = PBXFrameworksBuildPhase;
			buildActionMask = 2147483647;
			files = (
				61D799CB2C7CB08500F99010 /* DefaultDependencies in Frameworks */,
			);
			runOnlyForDeploymentPostprocessing = 0;
		};
/* End PBXFrameworksBuildPhase section */

/* Begin PBXGroup section */
		61088A912C5E61C9005FFFC2 /* Flows */ = {
			isa = PBXGroup;
			children = (
				612631402C5FC5AD00445300 /* Authenticated */,
				6126313F2C5FC59F00445300 /* Unauthenticated */,
			);
			path = Flows;
			sourceTree = "<group>";
		};
		611CCD4C2C50AE3A00289D9E /* DI */ = {
			isa = PBXGroup;
			children = (
				61C90BF62C84B28A006A44C0 /* Implementations */,
				611CCD4B2C50AE3A00289D9E /* DI */,
			);
			path = DI;
			sourceTree = "<group>";
		};
		611CCD532C50AE3A00289D9E /* Data */ = {
			isa = PBXGroup;
			children = (
				61D11BE72CA020A90058B77A /* DI */,
				61C90BF52C84B0E6006A44C0 /* Implementations */,
				617AAB542C9852DD0087E4F5 /* OnDemandPolling */,
				611CCD572C50AE3A00289D9E /* ApiService */,
				611CCD5C2C50AE3A00289D9E /* Networking */,
				61BBB1242C50D3CE00E3D4F3 /* Api */,
				611CCD502C50AE3A00289D9E /* DataTransferObjects */,
				611CCD522C50AE3A00289D9E /* PersistentStorage */,
			);
			path = Data;
			sourceTree = "<group>";
		};
		611CCD562C50AE3A00289D9E /* App */ = {
			isa = PBXGroup;
			children = (
				61088A912C5E61C9005FFFC2 /* Flows */,
				61088A962C5E70DE005FFFC2 /* AppBase */,
				611CCD542C50AE3A00289D9E /* App */,
				611CCD552C50AE3A00289D9E /* DesignSystem */,
			);
			path = App;
			sourceTree = "<group>";
		};
		611CCD5D2C50AE3A00289D9E /* Infrastructure */ = {
			isa = PBXGroup;
			children = (
				617AAB532C982D130087E4F5 /* AsyncExtensions */,
				611CCD582C50AE3A00289D9E /* Base */,
				611CCD5B2C50AE3A00289D9E /* Logging */,
			);
			path = Infrastructure;
			sourceTree = "<group>";
		};
		611CCD662C50AE3A00289D9E /* Implementations */ = {
			isa = PBXGroup;
			children = (
				61D799CC2C7CBE1400F99010 /* DefaultReceivingPushUseCaseImplementation */,
				6184E5B02C7A150500E5D6C1 /* DefaultLogoutUseCaseImplementation */,
				6184E5AF2C79D9DC00E5D6C1 /* DefaultProfileRepositoryImplementation */,
				61A7488A2C6B8F6200ADF9FF /* DefaultSaveCredendialsUseCaseImplementation */,
				614AC1A72C68145A005B2CD5 /* DefaultPushRegistrationUseCaseImplementation */,
				618EDBE92C6603A400CE47E4 /* DefaultEmailConfirmationUseCaseImplementation */,
				618ED7652C64045400CE47E4 /* DefaultAvatarsRepositoryImplementation */,
				61088A9A2C5EB6FD005FFFC2 /* DefaultProfileEditingUseCaseImplementation */,
				61088A982C5EACC6005FFFC2 /* DefaultValidationUseCasesImplementation */,
				611CCD5E2C50AE3A00289D9E /* ApiDomainConvenience */,
				611CCD5F2C50AE3A00289D9E /* DefaultAuthUseCaseImplementation */,
				611CCD602C50AE3A00289D9E /* DefaultFriendInteractionsUseCaseImplementation */,
				611CCD612C50AE3A00289D9E /* DefaultFriendsRepositoryImplementation */,
				611CCD622C50AE3A00289D9E /* DefaultQRInviteUseCaseImplementation */,
				611CCD632C50AE3A00289D9E /* DefaultSpendingInteractionsUseCaseImplementation */,
				611CCD642C50AE3A00289D9E /* DefaultSpendingsRepositoryImplementation */,
				611CCD652C50AE3A00289D9E /* DefaultUsersRepositoryImplementation */,
			);
			path = Implementations;
			sourceTree = "<group>";
		};
		611CCD682C50AE3A00289D9E /* Domain */ = {
			isa = PBXGroup;
			children = (
				611CCD662C50AE3A00289D9E /* Implementations */,
				611CCD672C50AE3A00289D9E /* Domain */,
			);
			path = Domain;
			sourceTree = "<group>";
		};
		612250802C6DD4F500553D23 /* Account */ = {
			isa = PBXGroup;
			children = (
				611CABE32C6B66D100D7DC5A /* UpdateAvatarFlow */,
				611CABE22C6B663100D7DC5A /* QrPreviewFlow */,
				611CABE12C6B638A00D7DC5A /* UpdatePasswordFlow */,
				611CABE02C6B619D00D7DC5A /* UpdateDisplayNameFlow */,
				611CABDF2C6B51E500D7DC5A /* UpdateEmailFlow */,
				612A06FE2C6104BE00F79192 /* AccountFlow */,
			);
			name = Account;
			sourceTree = "<group>";
		};
		6126313F2C5FC59F00445300 /* Unauthenticated */ = {
			isa = PBXGroup;
			children = (
				612631412C5FC60700445300 /* SignInFlow */,
				612631422C5FC60700445300 /* SignUpFlow */,
				6126313B2C5FC49400445300 /* UnauthenticatedFlow */,
			);
			name = Unauthenticated;
			sourceTree = "<group>";
		};
		612631402C5FC5AD00445300 /* Authenticated */ = {
			isa = PBXGroup;
			children = (
				61BA6ED72C71C08C006F1140 /* Friends */,
				61BA6ED52C70AAEC006F1140 /* AddExpense */,
				612250802C6DD4F500553D23 /* Account */,
				6126313A2C5FC49400445300 /* AuthenticatedFlow */,
			);
			name = Authenticated;
			sourceTree = "<group>";
		};
		612631452C60AACB00445300 /* Fonts */ = {
			isa = PBXGroup;
			children = (
				618EDBE72C6510EA00CE47E4 /* SF-Pro-Display-Semibold.otf */,
				612631462C60AAFF00445300 /* SF-Pro.ttf */,
			);
			path = Fonts;
			sourceTree = "<group>";
		};
		61414F752C2F02A100B2C027 = {
			isa = PBXGroup;
			children = (
				61B74FDF2C305ECA001182A2 /* Packages */,
				61414F802C2F02A100B2C027 /* Accounty */,
				614AC19C2C6802EE005B2CD5 /* NotificationService */,
				61414F7F2C2F02A100B2C027 /* Products */,
				61B74FF22C3080D6001182A2 /* Frameworks */,
			);
			sourceTree = "<group>";
		};
		61414F7F2C2F02A100B2C027 /* Products */ = {
			isa = PBXGroup;
			children = (
				61414F7E2C2F02A100B2C027 /* Accounty.app */,
				614AC19B2C6802EE005B2CD5 /* NotificationService.appex */,
			);
			name = Products;
			sourceTree = "<group>";
		};
		61414F802C2F02A100B2C027 /* Accounty */ = {
			isa = PBXGroup;
			children = (
				61FD347A2C402416002C1A5A /* Resources */,
				61414F812C2F02A100B2C027 /* AppDelegate.swift */,
				61414F832C2F02A100B2C027 /* SceneDelegate.swift */,
				6143A7D72C908D4E0030AAF1 /* Tests.xctestplan */,
			);
			path = Accounty;
			sourceTree = "<group>";
		};
		614AC19C2C6802EE005B2CD5 /* NotificationService */ = {
			isa = PBXGroup;
			children = (
				61D8456C2C7E69B200100E2E /* NotificationService.entitlements */,
				614AC19D2C6802EE005B2CD5 /* NotificationService.swift */,
				614AC19F2C6802EE005B2CD5 /* Info.plist */,
			);
			path = NotificationService;
			sourceTree = "<group>";
		};
		61B74FDF2C305ECA001182A2 /* Packages */ = {
			isa = PBXGroup;
			children = (
				611CCD562C50AE3A00289D9E /* App */,
				611CCD532C50AE3A00289D9E /* Data */,
				611CCD4C2C50AE3A00289D9E /* DI */,
				611CCD682C50AE3A00289D9E /* Domain */,
				611CCD5D2C50AE3A00289D9E /* Infrastructure */,
			);
			path = Packages;
			sourceTree = "<group>";
		};
		61B74FF22C3080D6001182A2 /* Frameworks */ = {
			isa = PBXGroup;
			children = (
			);
			name = Frameworks;
			sourceTree = "<group>";
		};
		61BA6ED52C70AAEC006F1140 /* AddExpense */ = {
			isa = PBXGroup;
			children = (
				61BA6ED62C70ABD9006F1140 /* PickCounterpartyFlow */,
				612250812C6DD54500553D23 /* AddExpenseFlow */,
			);
			name = AddExpense;
			sourceTree = "<group>";
		};
		61BA6ED72C71C08C006F1140 /* Friends */ = {
			isa = PBXGroup;
			children = (
				61BA6ED82C71C0B6006F1140 /* UserPreviewFlow */,
				614AC1962C67E315005B2CD5 /* FriendsFlow */,
			);
			name = Friends;
			sourceTree = "<group>";
		};
		61C90BF52C84B0E6006A44C0 /* Implementations */ = {
			isa = PBXGroup;
			children = (
				61D11BE92CA0224F0058B77A /* DefaultDataLayerDependencies */,
				6143A7F42C9162800030AAF1 /* MockNetworkingImplementation */,
				611CCD5A2C50AE3A00289D9E /* DefaultNetworkingImplementation */,
				611CCD592C50AE3A00289D9E /* DefaultApiServiceImplementation */,
				6143A7F32C90CBF90030AAF1 /* MockApiImplementation */,
				6143A7D52C9076930030AAF1 /* MockPersistentStorage */,
				611CCD852C50B1D400289D9E /* PersistentStorageSQLite */,
				61BBB1232C50D3CE00E3D4F3 /* DefaultApiImplementation */,
			);
			path = Implementations;
			sourceTree = "<group>";
		};
		61C90BF62C84B28A006A44C0 /* Implementations */ = {
			isa = PBXGroup;
			children = (
				611CCD4A2C50AE3A00289D9E /* DefaultDependencies */,
			);
			path = Implementations;
			sourceTree = "<group>";
		};
		61D11BE72CA020A90058B77A /* DI */ = {
			isa = PBXGroup;
			children = (
				61D11BE82CA020CB0058B77A /* DataLayerDependencies */,
			);
			path = DI;
			sourceTree = "<group>";
		};
		61FD347A2C402416002C1A5A /* Resources */ = {
			isa = PBXGroup;
			children = (
				612631452C60AACB00445300 /* Fonts */,
				61414F8F2C2F02A200B2C027 /* Info.plist */,
				61414F8C2C2F02A200B2C027 /* LaunchScreen.storyboard */,
				61414F8A2C2F02A200B2C027 /* Assets.xcassets */,
				61FD347D2C4069F8002C1A5A /* Accounty.entitlements */,
				61FD347B2C40242F002C1A5A /* Localizable.xcstrings */,
			);
			path = Resources;
			sourceTree = "<group>";
		};
/* End PBXGroup section */

/* Begin PBXNativeTarget section */
		61414F7D2C2F02A100B2C027 /* Accounty */ = {
			isa = PBXNativeTarget;
			buildConfigurationList = 61414F922C2F02A200B2C027 /* Build configuration list for PBXNativeTarget "Accounty" */;
			buildPhases = (
				61414F7A2C2F02A100B2C027 /* Sources */,
				61414F7B2C2F02A100B2C027 /* Frameworks */,
				61414F7C2C2F02A100B2C027 /* Resources */,
				614AC1A62C6802EE005B2CD5 /* Embed Foundation Extensions */,
			);
			buildRules = (
			);
			dependencies = (
				614AC1A12C6802EE005B2CD5 /* PBXTargetDependency */,
			);
			name = Accounty;
			packageProductDependencies = (
				610E9BE72C5F7551003D1A79 /* App */,
				61D799C62C7CB04F00F99010 /* DefaultDependencies */,
			);
			productName = SharedExpenses;
			productReference = 61414F7E2C2F02A100B2C027 /* Accounty.app */;
			productType = "com.apple.product-type.application";
		};
		614AC19A2C6802EE005B2CD5 /* NotificationService */ = {
			isa = PBXNativeTarget;
			buildConfigurationList = 614AC1A32C6802EE005B2CD5 /* Build configuration list for PBXNativeTarget "NotificationService" */;
			buildPhases = (
				614AC1972C6802EE005B2CD5 /* Sources */,
				6147E7E42C9B23F800358A73 /* ShellScript */,
				614AC1982C6802EE005B2CD5 /* Frameworks */,
				614AC1992C6802EE005B2CD5 /* Resources */,
			);
			buildRules = (
			);
			dependencies = (
			);
			name = NotificationService;
			packageProductDependencies = (
				61D799CA2C7CB08500F99010 /* DefaultDependencies */,
			);
			productName = NotificationService;
			productReference = 614AC19B2C6802EE005B2CD5 /* NotificationService.appex */;
			productType = "com.apple.product-type.app-extension";
		};
/* End PBXNativeTarget section */

/* Begin PBXProject section */
		61414F762C2F02A100B2C027 /* Project object */ = {
			isa = PBXProject;
			attributes = {
				BuildIndependentTargetsInParallel = 1;
				LastSwiftUpdateCheck = 1600;
				LastUpgradeCheck = 1600;
				TargetAttributes = {
					61414F7D2C2F02A100B2C027 = {
						CreatedOnToolsVersion = 15.4;
					};
					614AC19A2C6802EE005B2CD5 = {
						CreatedOnToolsVersion = 15.4;
					};
				};
			};
			buildConfigurationList = 61414F792C2F02A100B2C027 /* Build configuration list for PBXProject "Accounty" */;
			compatibilityVersion = "Xcode 14.0";
			developmentRegion = en;
			hasScannedForEncodings = 0;
			knownRegions = (
				en,
				Base,
			);
			mainGroup = 61414F752C2F02A100B2C027;
			packageReferences = (
			);
			productRefGroup = 61414F7F2C2F02A100B2C027 /* Products */;
			projectDirPath = "";
			projectRoot = "";
			targets = (
				61414F7D2C2F02A100B2C027 /* Accounty */,
				614AC19A2C6802EE005B2CD5 /* NotificationService */,
			);
		};
/* End PBXProject section */

/* Begin PBXResourcesBuildPhase section */
		61414F7C2C2F02A100B2C027 /* Resources */ = {
			isa = PBXResourcesBuildPhase;
			buildActionMask = 2147483647;
			files = (
				618EDBE82C6510EA00CE47E4 /* SF-Pro-Display-Semibold.otf in Resources */,
				61414F8B2C2F02A200B2C027 /* Assets.xcassets in Resources */,
				612631472C60AAFF00445300 /* SF-Pro.ttf in Resources */,
				6143A7D82C908D4E0030AAF1 /* Tests.xctestplan in Resources */,
				61414F8E2C2F02A200B2C027 /* Base in Resources */,
				61FD347C2C40242F002C1A5A /* Localizable.xcstrings in Resources */,
			);
			runOnlyForDeploymentPostprocessing = 0;
		};
		614AC1992C6802EE005B2CD5 /* Resources */ = {
			isa = PBXResourcesBuildPhase;
			buildActionMask = 2147483647;
			files = (
			);
			runOnlyForDeploymentPostprocessing = 0;
		};
/* End PBXResourcesBuildPhase section */

/* Begin PBXShellScriptBuildPhase section */
		6147E7E42C9B23F800358A73 /* ShellScript */ = {
			isa = PBXShellScriptBuildPhase;
			alwaysOutOfDate = 1;
			buildActionMask = 12;
			files = (
			);
			inputFileListPaths = (
			);
			inputPaths = (
			);
			outputFileListPaths = (
			);
			outputPaths = (
			);
			runOnlyForDeploymentPostprocessing = 0;
			shellPath = /bin/sh;
			shellScript = "if command -v swiftlint >/dev/null 2>&1\nthen\n    swiftlint\nelse\n    echo \"warning: `swiftlint` command not found - See https://github.com/realm/SwiftLint#installation for installation instructions.\"\nfi\n";
		};
/* End PBXShellScriptBuildPhase section */

/* Begin PBXSourcesBuildPhase section */
		61414F7A2C2F02A100B2C027 /* Sources */ = {
			isa = PBXSourcesBuildPhase;
			buildActionMask = 2147483647;
			files = (
				61414F822C2F02A100B2C027 /* AppDelegate.swift in Sources */,
				61414F842C2F02A100B2C027 /* SceneDelegate.swift in Sources */,
			);
			runOnlyForDeploymentPostprocessing = 0;
		};
		614AC1972C6802EE005B2CD5 /* Sources */ = {
			isa = PBXSourcesBuildPhase;
			buildActionMask = 2147483647;
			files = (
				614AC19E2C6802EE005B2CD5 /* NotificationService.swift in Sources */,
			);
			runOnlyForDeploymentPostprocessing = 0;
		};
/* End PBXSourcesBuildPhase section */

/* Begin PBXTargetDependency section */
		614AC1A12C6802EE005B2CD5 /* PBXTargetDependency */ = {
			isa = PBXTargetDependency;
			target = 614AC19A2C6802EE005B2CD5 /* NotificationService */;
			targetProxy = 614AC1A02C6802EE005B2CD5 /* PBXContainerItemProxy */;
		};
/* End PBXTargetDependency section */

/* Begin PBXVariantGroup section */
		61414F8C2C2F02A200B2C027 /* LaunchScreen.storyboard */ = {
			isa = PBXVariantGroup;
			children = (
				61414F8D2C2F02A200B2C027 /* Base */,
			);
			name = LaunchScreen.storyboard;
			sourceTree = "<group>";
		};
/* End PBXVariantGroup section */

/* Begin XCBuildConfiguration section */
		61414F902C2F02A200B2C027 /* Debug */ = {
			isa = XCBuildConfiguration;
			buildSettings = {
				ALWAYS_SEARCH_USER_PATHS = NO;
				ASSETCATALOG_COMPILER_GENERATE_SWIFT_ASSET_SYMBOL_EXTENSIONS = YES;
				CLANG_ANALYZER_NONNULL = YES;
				CLANG_ANALYZER_NUMBER_OBJECT_CONVERSION = YES_AGGRESSIVE;
				CLANG_CXX_LANGUAGE_STANDARD = "gnu++20";
				CLANG_ENABLE_MODULES = YES;
				CLANG_ENABLE_OBJC_ARC = YES;
				CLANG_ENABLE_OBJC_WEAK = YES;
				CLANG_WARN_BLOCK_CAPTURE_AUTORELEASING = YES;
				CLANG_WARN_BOOL_CONVERSION = YES;
				CLANG_WARN_COMMA = YES;
				CLANG_WARN_CONSTANT_CONVERSION = YES;
				CLANG_WARN_DEPRECATED_OBJC_IMPLEMENTATIONS = YES;
				CLANG_WARN_DIRECT_OBJC_ISA_USAGE = YES_ERROR;
				CLANG_WARN_DOCUMENTATION_COMMENTS = YES;
				CLANG_WARN_EMPTY_BODY = YES;
				CLANG_WARN_ENUM_CONVERSION = YES;
				CLANG_WARN_INFINITE_RECURSION = YES;
				CLANG_WARN_INT_CONVERSION = YES;
				CLANG_WARN_NON_LITERAL_NULL_CONVERSION = YES;
				CLANG_WARN_OBJC_IMPLICIT_RETAIN_SELF = YES;
				CLANG_WARN_OBJC_LITERAL_CONVERSION = YES;
				CLANG_WARN_OBJC_ROOT_CLASS = YES_ERROR;
				CLANG_WARN_QUOTED_INCLUDE_IN_FRAMEWORK_HEADER = YES;
				CLANG_WARN_RANGE_LOOP_ANALYSIS = YES;
				CLANG_WARN_STRICT_PROTOTYPES = YES;
				CLANG_WARN_SUSPICIOUS_MOVE = YES;
				CLANG_WARN_UNGUARDED_AVAILABILITY = YES_AGGRESSIVE;
				CLANG_WARN_UNREACHABLE_CODE = YES;
				CLANG_WARN__DUPLICATE_METHOD_MATCH = YES;
				COPY_PHASE_STRIP = NO;
				DEBUG_INFORMATION_FORMAT = dwarf;
				ENABLE_STRICT_OBJC_MSGSEND = YES;
				ENABLE_TESTABILITY = YES;
				ENABLE_USER_SCRIPT_SANDBOXING = NO;
				GCC_C_LANGUAGE_STANDARD = gnu17;
				GCC_DYNAMIC_NO_PIC = NO;
				GCC_NO_COMMON_BLOCKS = YES;
				GCC_OPTIMIZATION_LEVEL = 0;
				GCC_PREPROCESSOR_DEFINITIONS = (
					"DEBUG=1",
					"$(inherited)",
				);
				GCC_WARN_64_TO_32_BIT_CONVERSION = YES;
				GCC_WARN_ABOUT_RETURN_TYPE = YES_ERROR;
				GCC_WARN_UNDECLARED_SELECTOR = YES;
				GCC_WARN_UNINITIALIZED_AUTOS = YES_AGGRESSIVE;
				GCC_WARN_UNUSED_FUNCTION = YES;
				GCC_WARN_UNUSED_VARIABLE = YES;
				IPHONEOS_DEPLOYMENT_TARGET = 16.0;
				LOCALIZATION_PREFERS_STRING_CATALOGS = YES;
				MTL_ENABLE_DEBUG_INFO = INCLUDE_SOURCE;
				MTL_FAST_MATH = YES;
				ONLY_ACTIVE_ARCH = YES;
				SDKROOT = iphoneos;
				SWIFT_ACTIVE_COMPILATION_CONDITIONS = "DEBUG $(inherited)";
				SWIFT_OPTIMIZATION_LEVEL = "-Onone";
			};
			name = Debug;
		};
		61414F912C2F02A200B2C027 /* Release */ = {
			isa = XCBuildConfiguration;
			buildSettings = {
				ALWAYS_SEARCH_USER_PATHS = NO;
				ASSETCATALOG_COMPILER_GENERATE_SWIFT_ASSET_SYMBOL_EXTENSIONS = YES;
				CLANG_ANALYZER_NONNULL = YES;
				CLANG_ANALYZER_NUMBER_OBJECT_CONVERSION = YES_AGGRESSIVE;
				CLANG_CXX_LANGUAGE_STANDARD = "gnu++20";
				CLANG_ENABLE_MODULES = YES;
				CLANG_ENABLE_OBJC_ARC = YES;
				CLANG_ENABLE_OBJC_WEAK = YES;
				CLANG_WARN_BLOCK_CAPTURE_AUTORELEASING = YES;
				CLANG_WARN_BOOL_CONVERSION = YES;
				CLANG_WARN_COMMA = YES;
				CLANG_WARN_CONSTANT_CONVERSION = YES;
				CLANG_WARN_DEPRECATED_OBJC_IMPLEMENTATIONS = YES;
				CLANG_WARN_DIRECT_OBJC_ISA_USAGE = YES_ERROR;
				CLANG_WARN_DOCUMENTATION_COMMENTS = YES;
				CLANG_WARN_EMPTY_BODY = YES;
				CLANG_WARN_ENUM_CONVERSION = YES;
				CLANG_WARN_INFINITE_RECURSION = YES;
				CLANG_WARN_INT_CONVERSION = YES;
				CLANG_WARN_NON_LITERAL_NULL_CONVERSION = YES;
				CLANG_WARN_OBJC_IMPLICIT_RETAIN_SELF = YES;
				CLANG_WARN_OBJC_LITERAL_CONVERSION = YES;
				CLANG_WARN_OBJC_ROOT_CLASS = YES_ERROR;
				CLANG_WARN_QUOTED_INCLUDE_IN_FRAMEWORK_HEADER = YES;
				CLANG_WARN_RANGE_LOOP_ANALYSIS = YES;
				CLANG_WARN_STRICT_PROTOTYPES = YES;
				CLANG_WARN_SUSPICIOUS_MOVE = YES;
				CLANG_WARN_UNGUARDED_AVAILABILITY = YES_AGGRESSIVE;
				CLANG_WARN_UNREACHABLE_CODE = YES;
				CLANG_WARN__DUPLICATE_METHOD_MATCH = YES;
				COPY_PHASE_STRIP = NO;
				DEBUG_INFORMATION_FORMAT = "dwarf-with-dsym";
				ENABLE_NS_ASSERTIONS = NO;
				ENABLE_STRICT_OBJC_MSGSEND = YES;
				ENABLE_USER_SCRIPT_SANDBOXING = NO;
				GCC_C_LANGUAGE_STANDARD = gnu17;
				GCC_NO_COMMON_BLOCKS = YES;
				GCC_WARN_64_TO_32_BIT_CONVERSION = YES;
				GCC_WARN_ABOUT_RETURN_TYPE = YES_ERROR;
				GCC_WARN_UNDECLARED_SELECTOR = YES;
				GCC_WARN_UNINITIALIZED_AUTOS = YES_AGGRESSIVE;
				GCC_WARN_UNUSED_FUNCTION = YES;
				GCC_WARN_UNUSED_VARIABLE = YES;
				IPHONEOS_DEPLOYMENT_TARGET = 16.0;
				LOCALIZATION_PREFERS_STRING_CATALOGS = YES;
				MTL_ENABLE_DEBUG_INFO = NO;
				MTL_FAST_MATH = YES;
				SDKROOT = iphoneos;
				SWIFT_COMPILATION_MODE = wholemodule;
				VALIDATE_PRODUCT = YES;
			};
			name = Release;
		};
		61414F932C2F02A200B2C027 /* Debug */ = {
			isa = XCBuildConfiguration;
			buildSettings = {
				ASSETCATALOG_COMPILER_APPICON_NAME = AppIcon;
				ASSETCATALOG_COMPILER_GLOBAL_ACCENT_COLOR_NAME = AccentColor;
				CODE_SIGN_ENTITLEMENTS = Accounty/Resources/Accounty.entitlements;
				CODE_SIGN_IDENTITY = "Apple Development";
				CODE_SIGN_STYLE = Automatic;
				CURRENT_PROJECT_VERSION = 7;
				DEVELOPMENT_TEAM = NPZKGHFT2A;
				GENERATE_INFOPLIST_FILE = YES;
				INFOPLIST_FILE = Accounty/Resources/Info.plist;
				INFOPLIST_KEY_CFBundleDisplayName = "Сплитевайсе";
				INFOPLIST_KEY_NSCameraUsageDescription = "For Adding Friends Via QR Code";
				INFOPLIST_KEY_NSPhotoLibraryUsageDescription = "To Set Avatar Image";
				INFOPLIST_KEY_UIApplicationSupportsIndirectInputEvents = YES;
				INFOPLIST_KEY_UILaunchStoryboardName = LaunchScreen;
				INFOPLIST_KEY_UISupportedInterfaceOrientations = UIInterfaceOrientationPortrait;
				INFOPLIST_KEY_UISupportedInterfaceOrientations_iPad = "UIInterfaceOrientationLandscapeLeft UIInterfaceOrientationLandscapeRight UIInterfaceOrientationPortrait UIInterfaceOrientationPortraitUpsideDown";
				IPHONEOS_DEPLOYMENT_TARGET = 17.0;
				LD_RUNPATH_SEARCH_PATHS = (
					"$(inherited)",
					"@executable_path/Frameworks",
				);
				MARKETING_VERSION = 0.0.1;
				PRODUCT_BUNDLE_IDENTIFIER = com.rzmn.accountydev.app;
				PRODUCT_NAME = "$(TARGET_NAME)";
				PROVISIONING_PROFILE_SPECIFIER = "";
				SUPPORTED_PLATFORMS = "iphoneos iphonesimulator";
				SUPPORTS_MACCATALYST = NO;
				SUPPORTS_MAC_DESIGNED_FOR_IPHONE_IPAD = NO;
				SUPPORTS_XR_DESIGNED_FOR_IPHONE_IPAD = NO;
				SWIFT_EMIT_LOC_STRINGS = YES;
				SWIFT_VERSION = 6.0;
				TARGETED_DEVICE_FAMILY = "1,2";
			};
			name = Debug;
		};
		61414F942C2F02A200B2C027 /* Release */ = {
			isa = XCBuildConfiguration;
			buildSettings = {
				ASSETCATALOG_COMPILER_APPICON_NAME = AppIcon;
				ASSETCATALOG_COMPILER_GLOBAL_ACCENT_COLOR_NAME = AccentColor;
				CODE_SIGN_ENTITLEMENTS = Accounty/Resources/Accounty.entitlements;
				CODE_SIGN_IDENTITY = "Apple Development";
				CODE_SIGN_STYLE = Automatic;
				CURRENT_PROJECT_VERSION = 7;
				DEVELOPMENT_TEAM = NPZKGHFT2A;
				GENERATE_INFOPLIST_FILE = YES;
				INFOPLIST_FILE = Accounty/Resources/Info.plist;
				INFOPLIST_KEY_CFBundleDisplayName = "Сплитевайсе";
				INFOPLIST_KEY_NSCameraUsageDescription = "For Adding Friends Via QR Code";
				INFOPLIST_KEY_NSPhotoLibraryUsageDescription = "To Set Avatar Image";
				INFOPLIST_KEY_UIApplicationSupportsIndirectInputEvents = YES;
				INFOPLIST_KEY_UILaunchStoryboardName = LaunchScreen;
				INFOPLIST_KEY_UISupportedInterfaceOrientations = UIInterfaceOrientationPortrait;
				INFOPLIST_KEY_UISupportedInterfaceOrientations_iPad = "UIInterfaceOrientationLandscapeLeft UIInterfaceOrientationLandscapeRight UIInterfaceOrientationPortrait UIInterfaceOrientationPortraitUpsideDown";
				IPHONEOS_DEPLOYMENT_TARGET = 17.0;
				LD_RUNPATH_SEARCH_PATHS = (
					"$(inherited)",
					"@executable_path/Frameworks",
				);
				MARKETING_VERSION = 0.0.1;
				PRODUCT_BUNDLE_IDENTIFIER = com.rzmn.accountydev.app;
				PRODUCT_NAME = "$(TARGET_NAME)";
				PROVISIONING_PROFILE_SPECIFIER = "";
				SUPPORTED_PLATFORMS = "iphoneos iphonesimulator";
				SUPPORTS_MACCATALYST = NO;
				SUPPORTS_MAC_DESIGNED_FOR_IPHONE_IPAD = NO;
				SUPPORTS_XR_DESIGNED_FOR_IPHONE_IPAD = NO;
				SWIFT_EMIT_LOC_STRINGS = YES;
				SWIFT_VERSION = 6.0;
				TARGETED_DEVICE_FAMILY = "1,2";
			};
			name = Release;
		};
		614AC1A42C6802EE005B2CD5 /* Debug */ = {
			isa = XCBuildConfiguration;
			buildSettings = {
				CODE_SIGN_ENTITLEMENTS = NotificationService/NotificationService.entitlements;
				CODE_SIGN_IDENTITY = "Apple Development";
				CODE_SIGN_STYLE = Automatic;
				CURRENT_PROJECT_VERSION = 7;
				DEVELOPMENT_TEAM = NPZKGHFT2A;
				GENERATE_INFOPLIST_FILE = YES;
				INFOPLIST_FILE = NotificationService/Info.plist;
				INFOPLIST_KEY_CFBundleDisplayName = NotificationService;
				INFOPLIST_KEY_NSHumanReadableCopyright = "";
				IPHONEOS_DEPLOYMENT_TARGET = 17.0;
				LD_RUNPATH_SEARCH_PATHS = (
					"$(inherited)",
					"@executable_path/Frameworks",
					"@executable_path/../../Frameworks",
				);
				MARKETING_VERSION = 0.0.1;
				PRODUCT_BUNDLE_IDENTIFIER = com.rzmn.accountydev.app.NotificationService;
				PRODUCT_NAME = "$(TARGET_NAME)";
				PROVISIONING_PROFILE_SPECIFIER = "";
				SKIP_INSTALL = YES;
				SWIFT_EMIT_LOC_STRINGS = YES;
				SWIFT_VERSION = 5.0;
				TARGETED_DEVICE_FAMILY = "1,2";
			};
			name = Debug;
		};
		614AC1A52C6802EE005B2CD5 /* Release */ = {
			isa = XCBuildConfiguration;
			buildSettings = {
				CODE_SIGN_ENTITLEMENTS = NotificationService/NotificationService.entitlements;
				CODE_SIGN_IDENTITY = "Apple Development";
				CODE_SIGN_STYLE = Automatic;
				CURRENT_PROJECT_VERSION = 7;
				DEVELOPMENT_TEAM = NPZKGHFT2A;
				GENERATE_INFOPLIST_FILE = YES;
				INFOPLIST_FILE = NotificationService/Info.plist;
				INFOPLIST_KEY_CFBundleDisplayName = NotificationService;
				INFOPLIST_KEY_NSHumanReadableCopyright = "";
				IPHONEOS_DEPLOYMENT_TARGET = 17.0;
				LD_RUNPATH_SEARCH_PATHS = (
					"$(inherited)",
					"@executable_path/Frameworks",
					"@executable_path/../../Frameworks",
				);
				MARKETING_VERSION = 0.0.1;
				PRODUCT_BUNDLE_IDENTIFIER = com.rzmn.accountydev.app.NotificationService;
				PRODUCT_NAME = "$(TARGET_NAME)";
				PROVISIONING_PROFILE_SPECIFIER = "";
				SKIP_INSTALL = YES;
				SWIFT_EMIT_LOC_STRINGS = YES;
				SWIFT_VERSION = 5.0;
				TARGETED_DEVICE_FAMILY = "1,2";
			};
			name = Release;
		};
/* End XCBuildConfiguration section */

/* Begin XCConfigurationList section */
		61414F792C2F02A100B2C027 /* Build configuration list for PBXProject "Accounty" */ = {
			isa = XCConfigurationList;
			buildConfigurations = (
				61414F902C2F02A200B2C027 /* Debug */,
				61414F912C2F02A200B2C027 /* Release */,
			);
			defaultConfigurationIsVisible = 0;
			defaultConfigurationName = Release;
		};
		61414F922C2F02A200B2C027 /* Build configuration list for PBXNativeTarget "Accounty" */ = {
			isa = XCConfigurationList;
			buildConfigurations = (
				61414F932C2F02A200B2C027 /* Debug */,
				61414F942C2F02A200B2C027 /* Release */,
			);
			defaultConfigurationIsVisible = 0;
			defaultConfigurationName = Release;
		};
		614AC1A32C6802EE005B2CD5 /* Build configuration list for PBXNativeTarget "NotificationService" */ = {
			isa = XCConfigurationList;
			buildConfigurations = (
				614AC1A42C6802EE005B2CD5 /* Debug */,
				614AC1A52C6802EE005B2CD5 /* Release */,
			);
			defaultConfigurationIsVisible = 0;
			defaultConfigurationName = Release;
		};
/* End XCConfigurationList section */

/* Begin XCSwiftPackageProductDependency section */
		610E9BE72C5F7551003D1A79 /* App */ = {
			isa = XCSwiftPackageProductDependency;
			productName = App;
		};
		61D799C62C7CB04F00F99010 /* DefaultDependencies */ = {
			isa = XCSwiftPackageProductDependency;
			productName = DefaultDependencies;
		};
		61D799CA2C7CB08500F99010 /* DefaultDependencies */ = {
			isa = XCSwiftPackageProductDependency;
			productName = DefaultDependencies;
		};
/* End XCSwiftPackageProductDependency section */
	};
	rootObject = 61414F762C2F02A100B2C027 /* Project object */;
}
