{
  "originHash" : "77352b2130a28b335e969e99d3b7bfb019765a35705b067e17429157a7802035",
  "pins" : [
    {
      "identity" : "sqlite.swift",
      "kind" : "remoteSourceControl",
      "location" : "https://github.com/stephencelis/SQLite.swift.git",
      "state" : {
        "revision" : "a95fc6df17d108bd99210db5e8a9bac90fe984b8",
        "version" : "0.15.3"
      }
    }
  ],
  "version" : 3
}
